# THIS IS AN AUTOGENERATED FILE. DO NOT EDIT THIS FILE DIRECTLY.
# yarn lockfile v1


"@aws-cdk/assets@1.135.0":
  version "1.135.0"
  resolved "https://registry.yarnpkg.com/@aws-cdk/assets/-/assets-1.135.0.tgz#4f5509b8f7be6ba60bcc79bc0ae4f740e83a83ab"
  integrity sha512-ac6xQAchpwLwoOBGYpsm754RpnVczWVEJyDnxPYKQfCPznYoNnHKJT6TLqI1PyZ3m9PLt39s6gsSkfTTaGA7pg==
  dependencies:
    "@aws-cdk/core" "1.135.0"
    "@aws-cdk/cx-api" "1.135.0"
    constructs "^3.3.69"

"@aws-cdk/aws-acmpca@1.135.0":
  version "1.135.0"
  resolved "https://registry.yarnpkg.com/@aws-cdk/aws-acmpca/-/aws-acmpca-1.135.0.tgz#fb9d3c79fe6f1bd12c028ffa2644719cdfe9321d"
  integrity sha512-gdi+gGQ52jUIpn+TSxvy0qbIQmldBefHTjY/QSmDiFfkFTrpMf1Jb4QwVopUeSR+o35Y95W067/9IdDAjj4LFw==
  dependencies:
    "@aws-cdk/core" "1.135.0"
    constructs "^3.3.69"

"@aws-cdk/aws-apigateway@1.135.0":
  version "1.135.0"
  resolved "https://registry.yarnpkg.com/@aws-cdk/aws-apigateway/-/aws-apigateway-1.135.0.tgz#6efb43a7c827fea06fd631f00103a2f83f681288"
  integrity sha512-de9hU9C7YEe30c1i9B2EyuKlyueo8BxxDpxIvXdq/iwfbZoRRsWdLoO+i9HisFiQs2OCitzk4DvxmLuJcr0G/A==
  dependencies:
    "@aws-cdk/aws-certificatemanager" "1.135.0"
    "@aws-cdk/aws-cloudwatch" "1.135.0"
    "@aws-cdk/aws-cognito" "1.135.0"
    "@aws-cdk/aws-ec2" "1.135.0"
    "@aws-cdk/aws-elasticloadbalancingv2" "1.135.0"
    "@aws-cdk/aws-iam" "1.135.0"
    "@aws-cdk/aws-lambda" "1.135.0"
    "@aws-cdk/aws-logs" "1.135.0"
    "@aws-cdk/aws-s3" "1.135.0"
    "@aws-cdk/aws-s3-assets" "1.135.0"
    "@aws-cdk/aws-stepfunctions" "1.135.0"
    "@aws-cdk/core" "1.135.0"
    "@aws-cdk/cx-api" "1.135.0"
    constructs "^3.3.69"

"@aws-cdk/aws-applicationautoscaling@1.135.0":
  version "1.135.0"
  resolved "https://registry.yarnpkg.com/@aws-cdk/aws-applicationautoscaling/-/aws-applicationautoscaling-1.135.0.tgz#4a1d0d29aa9021f037087f6737178bcd4ea3062c"
  integrity sha512-p3fRrwymlmEkg0XJOtV/pH2JWqhnoHtWG3kJR9b1U1AkRj6627yvOpnpIQmUzLqoLbJZErgwsTcRV/VMiiLW2Q==
  dependencies:
    "@aws-cdk/aws-autoscaling-common" "1.135.0"
    "@aws-cdk/aws-cloudwatch" "1.135.0"
    "@aws-cdk/aws-iam" "1.135.0"
    "@aws-cdk/core" "1.135.0"
    constructs "^3.3.69"

"@aws-cdk/aws-autoscaling-common@1.135.0":
  version "1.135.0"
  resolved "https://registry.yarnpkg.com/@aws-cdk/aws-autoscaling-common/-/aws-autoscaling-common-1.135.0.tgz#0f951aac3bd634bdf1797fb95a29d7c5ad6fa0a1"
  integrity sha512-62L+zWPLVV7ji/dSsMwoDPYhvpAi6cdiAjcj9CI/QoPjuuVv6bpnk1ARl6fKChPV+gpVBZv/xcwrLz38cyZy5g==
  dependencies:
    "@aws-cdk/aws-iam" "1.135.0"
    "@aws-cdk/core" "1.135.0"
    constructs "^3.3.69"

"@aws-cdk/aws-certificatemanager@1.135.0", "@aws-cdk/aws-certificatemanager@^1.135.0":
  version "1.135.0"
  resolved "https://registry.yarnpkg.com/@aws-cdk/aws-certificatemanager/-/aws-certificatemanager-1.135.0.tgz#309d25b43896e4fb459927a3062b89b7860780ae"
  integrity sha512-j37RaHSt+ZIQe2FL1a0yYzP3OWVkv2q/WHLsZmpOHR6B/q2dHGZgPojGukWYSE2wXgx0u8omwXojyaFeoxqpcA==
  dependencies:
    "@aws-cdk/aws-acmpca" "1.135.0"
    "@aws-cdk/aws-cloudwatch" "1.135.0"
    "@aws-cdk/aws-iam" "1.135.0"
    "@aws-cdk/aws-lambda" "1.135.0"
    "@aws-cdk/aws-route53" "1.135.0"
    "@aws-cdk/core" "1.135.0"
    constructs "^3.3.69"

"@aws-cdk/aws-cloudformation@1.135.0":
  version "1.135.0"
  resolved "https://registry.yarnpkg.com/@aws-cdk/aws-cloudformation/-/aws-cloudformation-1.135.0.tgz#1c84a90c9a8af8b0e71a35acc1d0b12b393f1709"
  integrity sha512-Wv8d6bsGh6lXNqlBnPLOU2NEdOU55BFbrIZ4KP4iBgPKgIDjSEqTpfn/wEbi8t22BOULaa3qxc7lY15uW1djdQ==
  dependencies:
    "@aws-cdk/aws-iam" "1.135.0"
    "@aws-cdk/aws-lambda" "1.135.0"
    "@aws-cdk/aws-s3" "1.135.0"
    "@aws-cdk/aws-sns" "1.135.0"
    "@aws-cdk/core" "1.135.0"
    "@aws-cdk/cx-api" "1.135.0"
    constructs "^3.3.69"

"@aws-cdk/aws-cloudfront@1.135.0", "@aws-cdk/aws-cloudfront@^1.135.0":
  version "1.135.0"
  resolved "https://registry.yarnpkg.com/@aws-cdk/aws-cloudfront/-/aws-cloudfront-1.135.0.tgz#11dd5b0fb12921acd56faf9dacce87c31c065229"
  integrity sha512-f4CwoPbi0CpgVO4i0gsF7MFftg5TulVfIeEg3DMdJgqK/UxTplw7epBGYpjEq3BEVL54iCzveytVdmfbG4hmgQ==
  dependencies:
    "@aws-cdk/aws-certificatemanager" "1.135.0"
    "@aws-cdk/aws-cloudwatch" "1.135.0"
    "@aws-cdk/aws-ec2" "1.135.0"
    "@aws-cdk/aws-iam" "1.135.0"
    "@aws-cdk/aws-kms" "1.135.0"
    "@aws-cdk/aws-lambda" "1.135.0"
    "@aws-cdk/aws-s3" "1.135.0"
    "@aws-cdk/aws-ssm" "1.135.0"
    "@aws-cdk/core" "1.135.0"
    "@aws-cdk/cx-api" "1.135.0"
    constructs "^3.3.69"

"@aws-cdk/aws-cloudwatch@1.135.0":
  version "1.135.0"
  resolved "https://registry.yarnpkg.com/@aws-cdk/aws-cloudwatch/-/aws-cloudwatch-1.135.0.tgz#b314256feab996e3ebcae8e0c036d7657fbf953d"
  integrity sha512-lkHlKMj9DoKX6YXBArz7Z40ZKOG2RYBHl4T3dVGn6MFV6bwlAeNka1mHV/Nt0y7ANE6razRaL/ITkExB8y7i/A==
  dependencies:
    "@aws-cdk/aws-iam" "1.135.0"
    "@aws-cdk/core" "1.135.0"
    constructs "^3.3.69"

"@aws-cdk/aws-codeguruprofiler@1.135.0":
  version "1.135.0"
  resolved "https://registry.yarnpkg.com/@aws-cdk/aws-codeguruprofiler/-/aws-codeguruprofiler-1.135.0.tgz#2f701ba4383aecfb20a6c52dacb47054704b2475"
  integrity sha512-ErdwzYC6TIAwdGGy0lC7GmBgVWSclZnET3NbBRPuTmQ4rQ7rOxIt+8o5rzZtpcxRHdpUsfkKpH/kjwN9iqonBw==
  dependencies:
    "@aws-cdk/aws-iam" "1.135.0"
    "@aws-cdk/core" "1.135.0"
    constructs "^3.3.69"

"@aws-cdk/aws-codestarnotifications@1.135.0":
  version "1.135.0"
  resolved "https://registry.yarnpkg.com/@aws-cdk/aws-codestarnotifications/-/aws-codestarnotifications-1.135.0.tgz#f6cd3583e5c1a54dc7b252dbcd7408521e870de4"
  integrity sha512-arVF3ywzzM+DPxJppzHMsqq95++UQHvHDanxz3LukyR/FTC5E85Bp8xCeniJG0iHqeLhXvxKm8qHMLv6R2prBQ==
  dependencies:
    "@aws-cdk/core" "1.135.0"
    constructs "^3.3.69"

"@aws-cdk/aws-cognito@1.135.0":
  version "1.135.0"
  resolved "https://registry.yarnpkg.com/@aws-cdk/aws-cognito/-/aws-cognito-1.135.0.tgz#d3a52bd3e129743e2510ad07125f547678ce6db3"
  integrity sha512-tjQoBEXr+EL8e57g/4sZE4yyuTlsAE0mZB2lKWInRU7Nv8bmhFXgU0gJ1pUtvW1XdSx0ERHS5pRv4i+GeBbFjQ==
  dependencies:
    "@aws-cdk/aws-certificatemanager" "1.135.0"
    "@aws-cdk/aws-iam" "1.135.0"
    "@aws-cdk/aws-kms" "1.135.0"
    "@aws-cdk/aws-lambda" "1.135.0"
    "@aws-cdk/core" "1.135.0"
    "@aws-cdk/custom-resources" "1.135.0"
    constructs "^3.3.69"
    punycode "^2.1.1"

"@aws-cdk/aws-ec2@1.135.0":
  version "1.135.0"
  resolved "https://registry.yarnpkg.com/@aws-cdk/aws-ec2/-/aws-ec2-1.135.0.tgz#e80ee685631819e6e42488838b2886942a854250"
  integrity sha512-Rcvsr25Ib3WYM5TY/Sdy/nWxabmGYcTYS9btpXUZMSFeBhPkJcRTvdhVSU76/WRZA13ZUD8kztVyCnRZjINl5Q==
  dependencies:
    "@aws-cdk/aws-cloudwatch" "1.135.0"
    "@aws-cdk/aws-iam" "1.135.0"
    "@aws-cdk/aws-kms" "1.135.0"
    "@aws-cdk/aws-logs" "1.135.0"
    "@aws-cdk/aws-s3" "1.135.0"
    "@aws-cdk/aws-s3-assets" "1.135.0"
    "@aws-cdk/aws-ssm" "1.135.0"
    "@aws-cdk/cloud-assembly-schema" "1.135.0"
    "@aws-cdk/core" "1.135.0"
    "@aws-cdk/cx-api" "1.135.0"
    "@aws-cdk/region-info" "1.135.0"
    constructs "^3.3.69"

"@aws-cdk/aws-ecr-assets@1.135.0":
  version "1.135.0"
  resolved "https://registry.yarnpkg.com/@aws-cdk/aws-ecr-assets/-/aws-ecr-assets-1.135.0.tgz#925ae277911bc52ef59d762d90966d2d9f19c6d7"
  integrity sha512-KlrqMHexKd+kVcNhXvvtxqWiuXsE3wDnwXmkTql9i5Uvj1S/KCrNsZvxKWl4yUIFbmHrRpnYbAH+YcaL6tLtcw==
  dependencies:
    "@aws-cdk/assets" "1.135.0"
    "@aws-cdk/aws-ecr" "1.135.0"
    "@aws-cdk/aws-iam" "1.135.0"
    "@aws-cdk/aws-s3" "1.135.0"
    "@aws-cdk/core" "1.135.0"
    "@aws-cdk/cx-api" "1.135.0"
    constructs "^3.3.69"
    minimatch "^3.0.4"

"@aws-cdk/aws-ecr@1.135.0":
  version "1.135.0"
  resolved "https://registry.yarnpkg.com/@aws-cdk/aws-ecr/-/aws-ecr-1.135.0.tgz#5e5138220d315f14733e12b7c62bf9a51d63e6e7"
  integrity sha512-fvsKKEfIEYd09QLfBXalgb9eqA0q420/B0tty5EW8RYe4AHHtvb0xy4lwX/TmT/CE3Zf7YmrUc2aEk8GQxVd3g==
  dependencies:
    "@aws-cdk/aws-events" "1.135.0"
    "@aws-cdk/aws-iam" "1.135.0"
    "@aws-cdk/core" "1.135.0"
    constructs "^3.3.69"

"@aws-cdk/aws-efs@1.135.0":
  version "1.135.0"
  resolved "https://registry.yarnpkg.com/@aws-cdk/aws-efs/-/aws-efs-1.135.0.tgz#f819fbb1da2f9611a7fd4c7299ba31e7833954fc"
  integrity sha512-+j7C/8BtQhqjXFLPLVK2e4DF90k9SVRCvN47XZBqRPaRGXeT/x//g7VRHin+Lexb5U0E1M2h7CKnsThuLqIUsQ==
  dependencies:
    "@aws-cdk/aws-ec2" "1.135.0"
    "@aws-cdk/aws-iam" "1.135.0"
    "@aws-cdk/aws-kms" "1.135.0"
    "@aws-cdk/cloud-assembly-schema" "1.135.0"
    "@aws-cdk/core" "1.135.0"
    "@aws-cdk/cx-api" "1.135.0"
    constructs "^3.3.69"

"@aws-cdk/aws-elasticloadbalancing@1.135.0":
  version "1.135.0"
  resolved "https://registry.yarnpkg.com/@aws-cdk/aws-elasticloadbalancing/-/aws-elasticloadbalancing-1.135.0.tgz#f9be153edc62250828d89e69875b65d6d4e91816"
  integrity sha512-fpzuxxOexSw8xiBdDKVR6FZ+hsPQiwcMj7lK0CQI5UQIbUeN1u5VpYI/Al8RVPrZO5TFSHI3N3jCBaxrQF+3sw==
  dependencies:
    "@aws-cdk/aws-ec2" "1.135.0"
    "@aws-cdk/core" "1.135.0"
    constructs "^3.3.69"

"@aws-cdk/aws-elasticloadbalancingv2@1.135.0":
  version "1.135.0"
  resolved "https://registry.yarnpkg.com/@aws-cdk/aws-elasticloadbalancingv2/-/aws-elasticloadbalancingv2-1.135.0.tgz#0635fd0f19592db19aee8fdb54b9d8cd73416968"
  integrity sha512-kN8tbHhcoSejTMxysKtGVXdDT0lagEp5LqYAjRYW/7I1BoAB/YtsJrvvBHY8OWOuB5+6szPAbdR4OoLFQtlJ0Q==
  dependencies:
    "@aws-cdk/aws-certificatemanager" "1.135.0"
    "@aws-cdk/aws-cloudwatch" "1.135.0"
    "@aws-cdk/aws-ec2" "1.135.0"
    "@aws-cdk/aws-iam" "1.135.0"
    "@aws-cdk/aws-lambda" "1.135.0"
    "@aws-cdk/aws-s3" "1.135.0"
    "@aws-cdk/cloud-assembly-schema" "1.135.0"
    "@aws-cdk/core" "1.135.0"
    "@aws-cdk/cx-api" "1.135.0"
    "@aws-cdk/region-info" "1.135.0"
    constructs "^3.3.69"

"@aws-cdk/aws-events@1.135.0":
  version "1.135.0"
  resolved "https://registry.yarnpkg.com/@aws-cdk/aws-events/-/aws-events-1.135.0.tgz#64cb11450c16df11e3ff983c3711b4152b259a7b"
  integrity sha512-KCyrP/Yy/sXtoRHC53YMxwFpmx59geNwUIVvpUOBB1YTi2BhwF8seQU/2kYP7t2Ht/edpAmoauRJfBp+Omszgg==
  dependencies:
    "@aws-cdk/aws-iam" "1.135.0"
    "@aws-cdk/core" "1.135.0"
    constructs "^3.3.69"

"@aws-cdk/aws-globalaccelerator@1.135.0":
  version "1.135.0"
  resolved "https://registry.yarnpkg.com/@aws-cdk/aws-globalaccelerator/-/aws-globalaccelerator-1.135.0.tgz#c5bb6218fb264554df1b83bdbc94312033fdaa6b"
  integrity sha512-bVYlR+I/JnVpUWTtM+10ARNLCeSZ6W4JGFmvHIWeFLPuYDEY7eLhZwA0r0fACm+I5l4n0Yjb4MHacjMhR0fd4g==
  dependencies:
    "@aws-cdk/aws-ec2" "1.135.0"
    "@aws-cdk/core" "1.135.0"
    "@aws-cdk/custom-resources" "1.135.0"
    constructs "^3.3.69"

"@aws-cdk/aws-iam@1.135.0":
  version "1.135.0"
  resolved "https://registry.yarnpkg.com/@aws-cdk/aws-iam/-/aws-iam-1.135.0.tgz#98149b9b38bc328ddd16a03d8940a5fb5bc092e5"
  integrity sha512-UHooHg+qUStnUh7kMw3UHAxw7Qicn6aH32E17f5Y3RXA+UQUBWZSRDUsEF9N71hjCp4PUmcL+btTL1XMUtSmmA==
  dependencies:
    "@aws-cdk/core" "1.135.0"
    "@aws-cdk/region-info" "1.135.0"
    constructs "^3.3.69"

"@aws-cdk/aws-kms@1.135.0":
  version "1.135.0"
  resolved "https://registry.yarnpkg.com/@aws-cdk/aws-kms/-/aws-kms-1.135.0.tgz#e98e191c76ef73ef8a9db32fea1779962f0406d4"
  integrity sha512-D9reZkWa6UgUdrRA8JYfwRjaadmYTXzOgWdWnyZvoSn6KhVEdAbDuKcXWcSKvLSWgqTy/cEAkPUMnvA+GtrITg==
  dependencies:
    "@aws-cdk/aws-iam" "1.135.0"
    "@aws-cdk/cloud-assembly-schema" "1.135.0"
    "@aws-cdk/core" "1.135.0"
    "@aws-cdk/cx-api" "1.135.0"
    constructs "^3.3.69"

"@aws-cdk/aws-lambda@1.135.0":
  version "1.135.0"
  resolved "https://registry.yarnpkg.com/@aws-cdk/aws-lambda/-/aws-lambda-1.135.0.tgz#352d7481487fa5f0c3fe0fae0b5c2c9b7c23b84e"
  integrity sha512-9Ye6CocrVHoBXl7iT4tcNQhyV9lQuYA0gf++iX8WlWNnGWDE6gjjNl112soZIjbQUS36jRv+W4hmLOwpAn7SLQ==
  dependencies:
    "@aws-cdk/aws-applicationautoscaling" "1.135.0"
    "@aws-cdk/aws-cloudwatch" "1.135.0"
    "@aws-cdk/aws-codeguruprofiler" "1.135.0"
    "@aws-cdk/aws-ec2" "1.135.0"
    "@aws-cdk/aws-ecr" "1.135.0"
    "@aws-cdk/aws-ecr-assets" "1.135.0"
    "@aws-cdk/aws-efs" "1.135.0"
    "@aws-cdk/aws-events" "1.135.0"
    "@aws-cdk/aws-iam" "1.135.0"
    "@aws-cdk/aws-kms" "1.135.0"
    "@aws-cdk/aws-logs" "1.135.0"
    "@aws-cdk/aws-s3" "1.135.0"
    "@aws-cdk/aws-s3-assets" "1.135.0"
    "@aws-cdk/aws-signer" "1.135.0"
    "@aws-cdk/aws-sqs" "1.135.0"
    "@aws-cdk/core" "1.135.0"
    "@aws-cdk/cx-api" "1.135.0"
    "@aws-cdk/region-info" "1.135.0"
    constructs "^3.3.69"

"@aws-cdk/aws-logs@1.135.0":
  version "1.135.0"
  resolved "https://registry.yarnpkg.com/@aws-cdk/aws-logs/-/aws-logs-1.135.0.tgz#08d9fb097a771fbf18f068880e7faac39f78516e"
  integrity sha512-+miMfg1q9S3AJn9vw8Fl52Pmtrrq77SMHEJWXaJgPAXN5phM1OYHyXG7knLTYw7r92/q4yzZ35JllA/U8BZlSg==
  dependencies:
    "@aws-cdk/aws-cloudwatch" "1.135.0"
    "@aws-cdk/aws-iam" "1.135.0"
    "@aws-cdk/aws-kms" "1.135.0"
    "@aws-cdk/aws-s3-assets" "1.135.0"
    "@aws-cdk/core" "1.135.0"
    "@aws-cdk/cx-api" "1.135.0"
    constructs "^3.3.69"

"@aws-cdk/aws-route53-targets@^1.135.0":
  version "1.135.0"
  resolved "https://registry.yarnpkg.com/@aws-cdk/aws-route53-targets/-/aws-route53-targets-1.135.0.tgz#2481ef7152902d3fb4e6581803626713d12546f7"
  integrity sha512-T245GAA8Ld57mGahHHXao4e7Bw0UEFJsD2gwhegNAPG6M1AQCw+Yc1LsbvLXQO1Os7WQnwC3w3vkBBFyXykPyA==
  dependencies:
    "@aws-cdk/aws-apigateway" "1.135.0"
    "@aws-cdk/aws-cloudfront" "1.135.0"
    "@aws-cdk/aws-cognito" "1.135.0"
    "@aws-cdk/aws-ec2" "1.135.0"
    "@aws-cdk/aws-elasticloadbalancing" "1.135.0"
    "@aws-cdk/aws-elasticloadbalancingv2" "1.135.0"
    "@aws-cdk/aws-globalaccelerator" "1.135.0"
    "@aws-cdk/aws-iam" "1.135.0"
    "@aws-cdk/aws-route53" "1.135.0"
    "@aws-cdk/aws-s3" "1.135.0"
    "@aws-cdk/core" "1.135.0"
    "@aws-cdk/region-info" "1.135.0"
    constructs "^3.3.69"

"@aws-cdk/aws-route53@1.135.0", "@aws-cdk/aws-route53@^1.135.0":
  version "1.135.0"
  resolved "https://registry.yarnpkg.com/@aws-cdk/aws-route53/-/aws-route53-1.135.0.tgz#d2a52a1785bc86225092e0a871b246520662d340"
  integrity sha512-35WZYmux9XHFKre55oPcKicb5UGNFZJiZlBosgTd4MgzoR7d5zS5UTXWu2QdTk51Q4sfBqzrS0oyGakrKmbQKg==
  dependencies:
    "@aws-cdk/aws-ec2" "1.135.0"
    "@aws-cdk/aws-iam" "1.135.0"
    "@aws-cdk/aws-logs" "1.135.0"
    "@aws-cdk/cloud-assembly-schema" "1.135.0"
    "@aws-cdk/core" "1.135.0"
    "@aws-cdk/custom-resources" "1.135.0"
    constructs "^3.3.69"

"@aws-cdk/aws-s3-assets@1.135.0":
  version "1.135.0"
  resolved "https://registry.yarnpkg.com/@aws-cdk/aws-s3-assets/-/aws-s3-assets-1.135.0.tgz#c79bf4e13943faa6f4e4502ff8ecda5ef71d7483"
  integrity sha512-IUaRVKgoGcCnJ7aUhJiBFzz7Qj5AoQSuzD8LGoFwbxchGIIhC2nuFRTF9mOa6/A/md+H8cEyJhI1sqxfDYT0Mw==
  dependencies:
    "@aws-cdk/assets" "1.135.0"
    "@aws-cdk/aws-iam" "1.135.0"
    "@aws-cdk/aws-kms" "1.135.0"
    "@aws-cdk/aws-s3" "1.135.0"
    "@aws-cdk/core" "1.135.0"
    "@aws-cdk/cx-api" "1.135.0"
    constructs "^3.3.69"

"@aws-cdk/aws-s3-deployment@^1.135.0":
  version "1.135.0"
  resolved "https://registry.yarnpkg.com/@aws-cdk/aws-s3-deployment/-/aws-s3-deployment-1.135.0.tgz#8194cda50bc571b32828bf2fb3f60c27d15dbd39"
  integrity sha512-RmkPaFQw0iISq2hVFehKV40w4+mnzvSWEr2FNKvqOB6RH0XKtRIppYMpgDiXnXs7n6akBE5+qX57Rrye67EdBA==
  dependencies:
    "@aws-cdk/aws-cloudfront" "1.135.0"
    "@aws-cdk/aws-ec2" "1.135.0"
    "@aws-cdk/aws-efs" "1.135.0"
    "@aws-cdk/aws-iam" "1.135.0"
    "@aws-cdk/aws-lambda" "1.135.0"
    "@aws-cdk/aws-logs" "1.135.0"
    "@aws-cdk/aws-s3" "1.135.0"
    "@aws-cdk/aws-s3-assets" "1.135.0"
    "@aws-cdk/core" "1.135.0"
    "@aws-cdk/lambda-layer-awscli" "1.135.0"
    case "1.6.3"
    constructs "^3.3.69"

"@aws-cdk/aws-s3@1.135.0", "@aws-cdk/aws-s3@^1.135.0":
  version "1.135.0"
  resolved "https://registry.yarnpkg.com/@aws-cdk/aws-s3/-/aws-s3-1.135.0.tgz#0feb1fc3029cd00ed4f12746d69085d304cec5d6"
  integrity sha512-YFncAmx/TFBB2TErdXy4ha6+dGTPZP1gAjF4RgJuWoC2QO0Zc2mliDvEy51xLrXIUnY/6xbFGI1sP+bTOzXqRA==
  dependencies:
    "@aws-cdk/aws-events" "1.135.0"
    "@aws-cdk/aws-iam" "1.135.0"
    "@aws-cdk/aws-kms" "1.135.0"
    "@aws-cdk/core" "1.135.0"
    "@aws-cdk/cx-api" "1.135.0"
    constructs "^3.3.69"

"@aws-cdk/aws-signer@1.135.0":
  version "1.135.0"
  resolved "https://registry.yarnpkg.com/@aws-cdk/aws-signer/-/aws-signer-1.135.0.tgz#746b04cde20de34026fe80b1344d7149b22739c1"
  integrity sha512-KE8f6buFG2Xcfd2dFjX2ePMFqAyJewsfw9JZJ47f2q1jLKOR4TPeXoK3P92f7G851RCQkxADqAP22tsaSNPUEg==
  dependencies:
    "@aws-cdk/core" "1.135.0"
    constructs "^3.3.69"

"@aws-cdk/aws-sns@1.135.0":
  version "1.135.0"
  resolved "https://registry.yarnpkg.com/@aws-cdk/aws-sns/-/aws-sns-1.135.0.tgz#e60c1444bfa492a2b15f088f999e1e2075cc3a07"
  integrity sha512-YHIa3NR5hPQNg+0rcO8GgDZA7/5jrZ0kwSyY0KwxSahjqEwv51GZHScyiY7V7fz35s5g+ZRcK9WAPRgDJgssxw==
  dependencies:
    "@aws-cdk/aws-cloudwatch" "1.135.0"
    "@aws-cdk/aws-codestarnotifications" "1.135.0"
    "@aws-cdk/aws-events" "1.135.0"
    "@aws-cdk/aws-iam" "1.135.0"
    "@aws-cdk/aws-kms" "1.135.0"
    "@aws-cdk/aws-sqs" "1.135.0"
    "@aws-cdk/core" "1.135.0"
    constructs "^3.3.69"

"@aws-cdk/aws-sqs@1.135.0":
  version "1.135.0"
  resolved "https://registry.yarnpkg.com/@aws-cdk/aws-sqs/-/aws-sqs-1.135.0.tgz#5298b45a6d5ce807bc0fab39091180b9890e49a8"
  integrity sha512-HhnAs4IyVnQqLn7Nd0sgcQz+5CNg8Pb4mIWz1aGu7cCN0QeZEojldtbu61iZhalmL+PCEKe9bF6uBGSuq1MHow==
  dependencies:
    "@aws-cdk/aws-cloudwatch" "1.135.0"
    "@aws-cdk/aws-iam" "1.135.0"
    "@aws-cdk/aws-kms" "1.135.0"
    "@aws-cdk/core" "1.135.0"
    constructs "^3.3.69"

"@aws-cdk/aws-ssm@1.135.0":
  version "1.135.0"
  resolved "https://registry.yarnpkg.com/@aws-cdk/aws-ssm/-/aws-ssm-1.135.0.tgz#8a40b58792df4c6ab737736e712c5f255930e6ac"
  integrity sha512-RuLmOowLfO2pRqCR3cWykirVHELAxVscL+TCWaau36VAeH4PlXQhc2kISZR9RF0ffT12Qp8gEBCg4keEajL8gw==
  dependencies:
    "@aws-cdk/aws-iam" "1.135.0"
    "@aws-cdk/aws-kms" "1.135.0"
    "@aws-cdk/cloud-assembly-schema" "1.135.0"
    "@aws-cdk/core" "1.135.0"
    constructs "^3.3.69"

"@aws-cdk/aws-stepfunctions@1.135.0":
  version "1.135.0"
  resolved "https://registry.yarnpkg.com/@aws-cdk/aws-stepfunctions/-/aws-stepfunctions-1.135.0.tgz#0cd6d671cd2affbccfea2169245b5ef766142457"
  integrity sha512-UAKy/XHOga9MQobVscB+6ycLxWE8enZflO2L0RpzwuVWHcS/3EQCBIKnXGfprXfYduhnVz6MFNPRzdXf3k8Fag==
  dependencies:
    "@aws-cdk/aws-cloudwatch" "1.135.0"
    "@aws-cdk/aws-events" "1.135.0"
    "@aws-cdk/aws-iam" "1.135.0"
    "@aws-cdk/aws-logs" "1.135.0"
    "@aws-cdk/aws-s3" "1.135.0"
    "@aws-cdk/core" "1.135.0"
    constructs "^3.3.69"

"@aws-cdk/cloud-assembly-schema@1.135.0":
  version "1.135.0"
  resolved "https://registry.yarnpkg.com/@aws-cdk/cloud-assembly-schema/-/cloud-assembly-schema-1.135.0.tgz#871519b39066675fe304a8c6ffe6e3c10062a91d"
  integrity sha512-Xp2nBwiPfkOjN+rxtuAfQ8DviNGSr6k6vzh65U6b25oqTAR8qvrDDGJcGMkRkePuIUlXTyYnbbbxoE1c+iM/xg==
  dependencies:
    jsonschema "^1.4.0"
    semver "^7.3.5"

"@aws-cdk/core@1.135.0", "@aws-cdk/core@^1.135.0":
  version "1.135.0"
  resolved "https://registry.yarnpkg.com/@aws-cdk/core/-/core-1.135.0.tgz#59131655a9a4ae0d9f3f61b8e1ec59acd994ca4e"
  integrity sha512-eApCzuhPHLgcP6WUW8+2sfRwmt2ECE7tuAsO+UjbmluS9NUNORKQ7fdPGOO1Nu1iLaRZC1e8dbzywZiOL3AuiA==
  dependencies:
    "@aws-cdk/cloud-assembly-schema" "1.135.0"
    "@aws-cdk/cx-api" "1.135.0"
    "@aws-cdk/region-info" "1.135.0"
    "@balena/dockerignore" "^1.0.2"
    constructs "^3.3.69"
    fs-extra "^9.1.0"
    ignore "^5.1.9"
    minimatch "^3.0.4"

"@aws-cdk/custom-resources@1.135.0":
  version "1.135.0"
  resolved "https://registry.yarnpkg.com/@aws-cdk/custom-resources/-/custom-resources-1.135.0.tgz#b54f385f3f932f82ce4817819f311ae459c5e34f"
  integrity sha512-vMH6lnR/2mirCux1BWWi88ooasw9E7Od10OO0u7feCM0H0S5LIEUjeIqXN7YnXINcLku3qZjSpV5nMSc5rBH/A==
  dependencies:
    "@aws-cdk/aws-cloudformation" "1.135.0"
    "@aws-cdk/aws-ec2" "1.135.0"
    "@aws-cdk/aws-iam" "1.135.0"
    "@aws-cdk/aws-lambda" "1.135.0"
    "@aws-cdk/aws-logs" "1.135.0"
    "@aws-cdk/aws-sns" "1.135.0"
    "@aws-cdk/core" "1.135.0"
    constructs "^3.3.69"

"@aws-cdk/cx-api@1.135.0":
  version "1.135.0"
  resolved "https://registry.yarnpkg.com/@aws-cdk/cx-api/-/cx-api-1.135.0.tgz#8555a2d7136c7b6533878e4c6934afb21edc798b"
  integrity sha512-ubd7yFZ4nyuLnc70/ht8kIqwzyqh2+V8KxFg5HCUNApM61XzaHr5X/VgSpGSSNXMW7orJbl09SR/Y4e6kzBvkA==
  dependencies:
    "@aws-cdk/cloud-assembly-schema" "1.135.0"
    semver "^7.3.5"

"@aws-cdk/lambda-layer-awscli@1.135.0":
  version "1.135.0"
  resolved "https://registry.yarnpkg.com/@aws-cdk/lambda-layer-awscli/-/lambda-layer-awscli-1.135.0.tgz#7d8c5712af888378cea1f9db32bcc63fc23d8a8a"
  integrity sha512-C3Cz26YjKeT4tsW133kXZcliGFAJH1UkBouaH983WNUOa7GgMebxRUlF2gSCTGI8VPTv+R5M2gtDAfkhx8WKuA==
  dependencies:
    "@aws-cdk/aws-lambda" "1.135.0"
    "@aws-cdk/core" "1.135.0"
    constructs "^3.3.69"

"@aws-cdk/region-info@1.135.0":
  version "1.135.0"
  resolved "https://registry.yarnpkg.com/@aws-cdk/region-info/-/region-info-1.135.0.tgz#becbb192099f8a4ceef9a904bb672735825937c1"
  integrity sha512-tIZn0/l6T+RXMKyGoke68UTQ7zt3xpqiH3myY56MHsEKcos3tn3pM3+JsXFZ/Yo2DfwKsAiY5rPd0qMk46Jj7A==

"@balena/dockerignore@^1.0.2":
  version "1.0.2"
  resolved "https://registry.yarnpkg.com/@balena/dockerignore/-/dockerignore-1.0.2.tgz#9ffe4726915251e8eb69f44ef3547e0da2c03e0d"
  integrity sha512-wMue2Sy4GAVTk6Ic4tJVcnfdau+gx2EnG7S+uAEe+TWJFqE4YoWN4/H8MSLj4eYJKxGg26lZwboEniNiNwZQ6Q==

"@types/node@^16.11.12":
  version "16.11.12"
  resolved "https://registry.yarnpkg.com/@types/node/-/node-16.11.12.tgz#ac7fb693ac587ee182c3780c26eb65546a1a3c10"
  integrity sha512-+2Iggwg7PxoO5Kyhvsq9VarmPbIelXP070HMImEpbtGCoyWNINQj4wzjbQCXzdHTRXnqufutJb5KAURZANNBAw==

at-least-node@^1.0.0:
  version "1.0.0"
  resolved "https://registry.yarnpkg.com/at-least-node/-/at-least-node-1.0.0.tgz#602cd4b46e844ad4effc92a8011a3c46e0238dc2"
  integrity sha512-+q/t7Ekv1EDY2l6Gda6LLiX14rU9TV20Wa3ofeQmwPFZbOMo9DXrLbOjFaaclkXKWidIaopwAObQDqwWtGUjqg==

balanced-match@^1.0.0:
  version "1.0.2"
  resolved "https://registry.yarnpkg.com/balanced-match/-/balanced-match-1.0.2.tgz#e83e3a7e3f300b34cb9d87f615fa0cbf357690ee"
  integrity sha512-3oSeUO0TMV67hN1AmbXsK4yaqU7tjiHlbxRDZOpH0KW9+CeX4bRAaX0Anxt0tx2MrpRpWwQaPwIlISEJhYU5Pw==

brace-expansion@^1.1.7:
  version "1.1.11"
  resolved "https://registry.yarnpkg.com/brace-expansion/-/brace-expansion-1.1.11.tgz#3c7fcbf529d87226f3d2f52b966ff5271eb441dd"
  integrity sha512-iCuPHDFgrHX7H2vEI/5xpz07zSHB00TpugqhmYtVmMO6518mCuRMoOYFldEBl0g187ufozdaHgWKcYFb61qGiA==
  dependencies:
    balanced-match "^1.0.0"
    concat-map "0.0.1"

buffer-from@^1.0.0:
  version "1.1.2"
  resolved "https://registry.yarnpkg.com/buffer-from/-/buffer-from-1.1.2.tgz#2b146a6fd72e80b4f55d255f35ed59a3a9a41bd5"
  integrity sha512-E+XQCRwSbaaiChtv6k6Dwgc+bx+Bs6vuKJHHl5kox/BaKbhiXzqQOwK4cO22yElGp2OCmjwVhT3HmxgyPGnJfQ==

case@1.6.3:
  version "1.6.3"
  resolved "https://registry.yarnpkg.com/case/-/case-1.6.3.tgz#0a4386e3e9825351ca2e6216c60467ff5f1ea1c9"
  integrity sha512-mzDSXIPaFwVDvZAHqZ9VlbyF4yyXRuX6IvB06WvPYkqJVO24kX1PPhv9bfpKNFZyxYFmmgo03HUiD8iklmJYRQ==

concat-map@0.0.1:
  version "0.0.1"
  resolved "https://registry.yarnpkg.com/concat-map/-/concat-map-0.0.1.tgz#d8a96bd77fd68df7793a73036a3ba0d5405d477b"
  integrity sha1-2Klr13/Wjfd5OnMDajug1UBdR3s=

constructs@^3.3.69:
  version "3.3.165"
  resolved "https://registry.yarnpkg.com/constructs/-/constructs-3.3.165.tgz#7ba4f5ef344ec2ed13357021747f0e412a363d76"
  integrity sha512-s1O0hXAVDNhwCk07vM7Av9Xek3EUF8LdvVRaFSk+oONp/A5cPGz0fXFJkp0fg9JF34imWr20F2uCggw1t8ozhw==

fs-extra@^9.1.0:
  version "9.1.0"
  resolved "https://registry.yarnpkg.com/fs-extra/-/fs-extra-9.1.0.tgz#5954460c764a8da2094ba3554bf839e6b9a7c86d"
  integrity sha512-hcg3ZmepS30/7BSFqRvoo3DOMQu7IjqxO5nCDt+zM9XWjb33Wg7ziNT+Qvqbuc3+gWpzO02JubVyk2G4Zvo1OQ==
  dependencies:
    at-least-node "^1.0.0"
    graceful-fs "^4.2.0"
    jsonfile "^6.0.1"
    universalify "^2.0.0"

graceful-fs@^4.1.6, graceful-fs@^4.2.0:
  version "4.2.8"
  resolved "https://registry.yarnpkg.com/graceful-fs/-/graceful-fs-4.2.8.tgz#e412b8d33f5e006593cbd3cee6df9f2cebbe802a"
  integrity sha512-qkIilPUYcNhJpd33n0GBXTB1MMPp14TxEsEs0pTrsSVucApsYzW5V+Q8Qxhik6KU3evy+qkAAowTByymK0avdg==

ignore@^5.1.9:
  version "5.1.9"
  resolved "https://registry.yarnpkg.com/ignore/-/ignore-5.1.9.tgz#9ec1a5cbe8e1446ec60d4420060d43aa6e7382fb"
  integrity sha512-2zeMQpbKz5dhZ9IwL0gbxSW5w0NK/MSAMtNuhgIHEPmaU3vPdKPL0UdvUCXs5SS4JAwsBxysK5sFMW8ocFiVjQ==

jsonfile@^6.0.1:
  version "6.1.0"
  resolved "https://registry.yarnpkg.com/jsonfile/-/jsonfile-6.1.0.tgz#bc55b2634793c679ec6403094eb13698a6ec0aae"
  integrity sha512-5dgndWOriYSm5cnYaJNhalLNDKOqFwyDB/rr1E9ZsGciGvKPs8R2xYGCacuf3z6K1YKDz182fd+fY3cn3pMqXQ==
  dependencies:
    universalify "^2.0.0"
  optionalDependencies:
    graceful-fs "^4.1.6"

jsonschema@^1.4.0:
  version "1.4.0"
  resolved "https://registry.yarnpkg.com/jsonschema/-/jsonschema-1.4.0.tgz#1afa34c4bc22190d8e42271ec17ac8b3404f87b2"
  integrity sha512-/YgW6pRMr6M7C+4o8kS+B/2myEpHCrxO4PEWnqJNBFMjn7EWXqlQ4tGwL6xTHeRplwuZmcAncdvfOad1nT2yMw==

lru-cache@^6.0.0:
  version "6.0.0"
  resolved "https://registry.yarnpkg.com/lru-cache/-/lru-cache-6.0.0.tgz#6d6fe6570ebd96aaf90fcad1dafa3b2566db3a94"
  integrity sha512-Jo6dJ04CmSjuznwJSS3pUeWmd/H0ffTlkXXgwZi+eq1UCmqQwCh+eLsYOYCwY991i2Fah4h1BEMCx4qThGbsiA==
  dependencies:
    yallist "^4.0.0"

minimatch@^3.0.4:
  version "3.0.4"
  resolved "https://registry.yarnpkg.com/minimatch/-/minimatch-3.0.4.tgz#5166e286457f03306064be5497e8dbb0c3d32083"
  integrity sha512-yJHVQEhyqPLUTgt9B83PXu6W3rx4MvvHvSUvToogpwoGDOUQ+yDrR0HRot+yOCdCO7u4hX3pWft6kWBBcqh0UA==
  dependencies:
    brace-expansion "^1.1.7"

punycode@^2.1.1:
  version "2.1.1"
  resolved "https://registry.yarnpkg.com/punycode/-/punycode-2.1.1.tgz#b58b010ac40c22c5657616c8d2c2c02c7bf479ec"
  integrity sha512-XRsRjdf+j5ml+y/6GKHPZbrF/8p2Yga0JPtdqTIY2Xe5ohJPD9saDJJLPvp9+NSBprVvevdXZybnj2cv8OEd0A==

semver@^7.3.5:
  version "7.3.5"
  resolved "https://registry.yarnpkg.com/semver/-/semver-7.3.5.tgz#0b621c879348d8998e4b0e4be94b3f12e6018ef7"
  integrity sha512-PoeGJYh8HK4BTO/a9Tf6ZG3veo/A7ZVsYrSA6J8ny9nb3B1VrpkuN+z9OE5wfE5p6H4LchYZsegiQgbJD94ZFQ==
  dependencies:
    lru-cache "^6.0.0"

source-map-support@^0.5.21:
  version "0.5.21"
  resolved "https://registry.yarnpkg.com/source-map-support/-/source-map-support-0.5.21.tgz#04fe7c7f9e1ed2d662233c28cb2b35b9f63f6e4f"
  integrity sha512-uBHU3L3czsIyYXKX88fdrGovxdSCoTGDRZ6SYXtSRxLZUzHg5P/66Ht6uoUlHu9EZod+inXhKo3qQgwXUT/y1w==
  dependencies:
    buffer-from "^1.0.0"
    source-map "^0.6.0"

source-map@^0.6.0:
  version "0.6.1"
  resolved "https://registry.yarnpkg.com/source-map/-/source-map-0.6.1.tgz#74722af32e9614e9c287a8d0bbde48b5e2f1a263"
  integrity sha512-UjgapumWlbMhkBgzT7Ykc5YXUT46F0iKu8SGXq0bcwP5dz/h0Plj6enJqjz1Zbq2l5WaqYnrVbwWOWMyF3F47g==

universalify@^2.0.0:
  version "2.0.0"
  resolved "https://registry.yarnpkg.com/universalify/-/universalify-2.0.0.tgz#75a4984efedc4b08975c5aeb73f530d02df25717"
  integrity sha512-hAZsKq7Yy11Zu1DE0OzWjw7nnLZmJZYTDZZyEFHZdUhV8FkH5MCfoU1XMaxXovpyW5nq5scPqq0ZDP9Zyl04oQ==

yallist@^4.0.0:
  version "4.0.0"
  resolved "https://registry.yarnpkg.com/yallist/-/yallist-4.0.0.tgz#9bb92790d9c0effec63be73519e11a35019a3a72"
  integrity sha512-3wdGidZyq5PB084XLES5TpOSRA3wjXAlIWMhum2kRcv/41Sn2emQ0dycQW4uZXLejwKvg6EsvbdlVL+FYEct7A==
