# THIS IS AN AUTOGENERATED FILE. DO NOT EDIT THIS FILE DIRECTLY.
# yarn lockfile v1


"@aws-cdk/assets@1.137.0":
  version "1.137.0"
  resolved "https://registry.yarnpkg.com/@aws-cdk/assets/-/assets-1.137.0.tgz#69259d18eff2ccf63a948b7dcf176506d9b4217c"
  integrity sha512-HFSYGIejnnLrZTc530WI0oNfp43IZEX5WtcKFv7mSxHNurK76QeKB707Dj+ccXigDcBHP1Ywr6m8OaFs2FJZjA==
  dependencies:
    "@aws-cdk/core" "1.137.0"
    "@aws-cdk/cx-api" "1.137.0"
    constructs "^3.3.69"

"@aws-cdk/aws-acmpca@1.137.0":
  version "1.137.0"
  resolved "https://registry.yarnpkg.com/@aws-cdk/aws-acmpca/-/aws-acmpca-1.137.0.tgz#1984e74d6ce1d983c8be0ba4814f8ab90f8123bc"
  integrity sha512-2a8VVvUgG5cljZZkdyD7rQRYuGTKZUmd7wfmDKkVScZBxIjLOvtnOXH0cP2FxexCSqTqEIp75fI2gQeNIzYqJQ==
  dependencies:
    "@aws-cdk/core" "1.137.0"
    constructs "^3.3.69"

"@aws-cdk/aws-apigateway@1.137.0":
  version "1.137.0"
  resolved "https://registry.yarnpkg.com/@aws-cdk/aws-apigateway/-/aws-apigateway-1.137.0.tgz#e3a160dd9ad9a0ecd3a03e5a4a46d1a547cbfba1"
  integrity sha512-Wk4SiUKZhFhTWxgAsOC4LBqJBGBDf6GrOS9s7Bzawp81qpLVFzbgocB+O1fuYkQrQ31/5UJKhUsMbJG5O0aCZg==
  dependencies:
    "@aws-cdk/aws-certificatemanager" "1.137.0"
    "@aws-cdk/aws-cloudwatch" "1.137.0"
    "@aws-cdk/aws-cognito" "1.137.0"
    "@aws-cdk/aws-ec2" "1.137.0"
    "@aws-cdk/aws-elasticloadbalancingv2" "1.137.0"
    "@aws-cdk/aws-iam" "1.137.0"
    "@aws-cdk/aws-lambda" "1.137.0"
    "@aws-cdk/aws-logs" "1.137.0"
    "@aws-cdk/aws-s3" "1.137.0"
    "@aws-cdk/aws-s3-assets" "1.137.0"
    "@aws-cdk/aws-stepfunctions" "1.137.0"
    "@aws-cdk/core" "1.137.0"
    "@aws-cdk/cx-api" "1.137.0"
    constructs "^3.3.69"

"@aws-cdk/aws-applicationautoscaling@1.137.0":
  version "1.137.0"
  resolved "https://registry.yarnpkg.com/@aws-cdk/aws-applicationautoscaling/-/aws-applicationautoscaling-1.137.0.tgz#1810934b33ef7936aeb4e66d9a886ce2770af13c"
  integrity sha512-sZ8BrPDPjOiWpU/WUK+tFZDQDduKqDWSdnR4hb4DdX/xi2QS1CL/jjaIesXp4fDU3pcBagiequJZ4TO026Lz7Q==
  dependencies:
    "@aws-cdk/aws-autoscaling-common" "1.137.0"
    "@aws-cdk/aws-cloudwatch" "1.137.0"
    "@aws-cdk/aws-iam" "1.137.0"
    "@aws-cdk/core" "1.137.0"
    constructs "^3.3.69"

"@aws-cdk/aws-autoscaling-common@1.137.0":
  version "1.137.0"
  resolved "https://registry.yarnpkg.com/@aws-cdk/aws-autoscaling-common/-/aws-autoscaling-common-1.137.0.tgz#96d1ad3dfb8b6340be4a5f9020e48976bf625493"
  integrity sha512-cit3NEWnCkSBB8R+PPsRb/fyXX7d9Em/Wf28IOd6JwxudwC72IYQtzSvqcfLMq+WUJvv/PtA3llgNJeXM2TxGg==
  dependencies:
    "@aws-cdk/aws-iam" "1.137.0"
    "@aws-cdk/core" "1.137.0"
    constructs "^3.3.69"

"@aws-cdk/aws-autoscaling-hooktargets@1.137.0":
  version "1.137.0"
  resolved "https://registry.yarnpkg.com/@aws-cdk/aws-autoscaling-hooktargets/-/aws-autoscaling-hooktargets-1.137.0.tgz#5528fc96129c1da0813a63b65e3c8698a516e3ea"
  integrity sha512-fZuQ8CYvnKSNDqGfSSuSbNo9QaSB1F8D+rValyeRGAx5z0V9XT2+KLa8s6BkBk0eqwz8SxDTZglErcO1FigIdg==
  dependencies:
    "@aws-cdk/aws-autoscaling" "1.137.0"
    "@aws-cdk/aws-iam" "1.137.0"
    "@aws-cdk/aws-kms" "1.137.0"
    "@aws-cdk/aws-lambda" "1.137.0"
    "@aws-cdk/aws-sns" "1.137.0"
    "@aws-cdk/aws-sns-subscriptions" "1.137.0"
    "@aws-cdk/aws-sqs" "1.137.0"
    "@aws-cdk/core" "1.137.0"
    constructs "^3.3.69"

"@aws-cdk/aws-autoscaling@1.137.0":
  version "1.137.0"
  resolved "https://registry.yarnpkg.com/@aws-cdk/aws-autoscaling/-/aws-autoscaling-1.137.0.tgz#5b4358b36bbb8e2b2715ff1288115a7ca02deb19"
  integrity sha512-7SHuNnjXun+7xxIo+KaA30ETphfpf85uq0g19Ws4AQ1F2Tz7RGSJqrg0wz9QnTuM3WLoO7nZX2BJflsElFoe4g==
  dependencies:
    "@aws-cdk/aws-autoscaling-common" "1.137.0"
    "@aws-cdk/aws-cloudwatch" "1.137.0"
    "@aws-cdk/aws-ec2" "1.137.0"
    "@aws-cdk/aws-elasticloadbalancing" "1.137.0"
    "@aws-cdk/aws-elasticloadbalancingv2" "1.137.0"
    "@aws-cdk/aws-iam" "1.137.0"
    "@aws-cdk/aws-sns" "1.137.0"
    "@aws-cdk/core" "1.137.0"
    constructs "^3.3.69"

"@aws-cdk/aws-certificatemanager@1.137.0", "@aws-cdk/aws-certificatemanager@^1.135.0":
  version "1.137.0"
  resolved "https://registry.yarnpkg.com/@aws-cdk/aws-certificatemanager/-/aws-certificatemanager-1.137.0.tgz#46ce2a8c0ede4c709fdc0f029661e637ccd06168"
  integrity sha512-wbrSz6UGlb0NVIbFlyoUNYmgPN8rdH/f4S5trRG8a0JAfnLVC3UQoqj9wt4d8IhPS3fZT+osQq4m6lq2tszQdw==
  dependencies:
    "@aws-cdk/aws-acmpca" "1.137.0"
    "@aws-cdk/aws-cloudwatch" "1.137.0"
    "@aws-cdk/aws-iam" "1.137.0"
    "@aws-cdk/aws-lambda" "1.137.0"
    "@aws-cdk/aws-route53" "1.137.0"
    "@aws-cdk/core" "1.137.0"
    constructs "^3.3.69"

"@aws-cdk/aws-cloudformation@1.137.0":
  version "1.137.0"
  resolved "https://registry.yarnpkg.com/@aws-cdk/aws-cloudformation/-/aws-cloudformation-1.137.0.tgz#44d8aa8a6e0f6cc5b47a7ca2ed98b8a94e979e55"
  integrity sha512-uWQoyy2dilnA73k9Kff6aUCndDFiONzyEQB0wv7IxLiW6Gi2z60+Yjoj8Bo/Slax5afQyOUnr4QXkVOAQNfQkg==
  dependencies:
    "@aws-cdk/aws-iam" "1.137.0"
    "@aws-cdk/aws-lambda" "1.137.0"
    "@aws-cdk/aws-s3" "1.137.0"
    "@aws-cdk/aws-sns" "1.137.0"
    "@aws-cdk/core" "1.137.0"
    "@aws-cdk/cx-api" "1.137.0"
    constructs "^3.3.69"

"@aws-cdk/aws-cloudfront@1.137.0", "@aws-cdk/aws-cloudfront@^1.135.0":
  version "1.137.0"
  resolved "https://registry.yarnpkg.com/@aws-cdk/aws-cloudfront/-/aws-cloudfront-1.137.0.tgz#2d6731d3ab161eb39bd1d16972668a037c6caf5a"
  integrity sha512-Vkz6OnRO+eVM/IDbTP/qPkaL0FOIdvusyWTk0BqwV4dsCnYtc/RkOUsCeeClI3tIhhSJ2l3F6kSkBqe1fbnhcw==
  dependencies:
    "@aws-cdk/aws-certificatemanager" "1.137.0"
    "@aws-cdk/aws-cloudwatch" "1.137.0"
    "@aws-cdk/aws-ec2" "1.137.0"
    "@aws-cdk/aws-iam" "1.137.0"
    "@aws-cdk/aws-kms" "1.137.0"
    "@aws-cdk/aws-lambda" "1.137.0"
    "@aws-cdk/aws-s3" "1.137.0"
    "@aws-cdk/aws-ssm" "1.137.0"
    "@aws-cdk/core" "1.137.0"
    "@aws-cdk/cx-api" "1.137.0"
    constructs "^3.3.69"

"@aws-cdk/aws-cloudwatch@1.137.0":
  version "1.137.0"
  resolved "https://registry.yarnpkg.com/@aws-cdk/aws-cloudwatch/-/aws-cloudwatch-1.137.0.tgz#a8201a6179f5be6759633c5fef3a0225462b2af0"
  integrity sha512-V70XxnZTT+ZCr5svMXMjdwHYQTMDvyxL7UhnlTi0Pe7yiKPSVUxx9EVF4nCFR2zFK1vROp6y7zCz3iPzKzYCSg==
  dependencies:
    "@aws-cdk/aws-iam" "1.137.0"
    "@aws-cdk/core" "1.137.0"
    constructs "^3.3.69"

"@aws-cdk/aws-codebuild@1.137.0":
  version "1.137.0"
  resolved "https://registry.yarnpkg.com/@aws-cdk/aws-codebuild/-/aws-codebuild-1.137.0.tgz#c31a97049e0db2a695df76ec437eaa8c8e69cd4a"
  integrity sha512-/jb5KcnvDYPT+TFaTDUec3BgXjWkGuc/mIohc2VbYG5cSBPT83KhsE0MaMvhkkKgV1gjJftwNe5KW9aM036G0Q==
  dependencies:
    "@aws-cdk/assets" "1.137.0"
    "@aws-cdk/aws-cloudwatch" "1.137.0"
    "@aws-cdk/aws-codecommit" "1.137.0"
    "@aws-cdk/aws-codestarnotifications" "1.137.0"
    "@aws-cdk/aws-ec2" "1.137.0"
    "@aws-cdk/aws-ecr" "1.137.0"
    "@aws-cdk/aws-ecr-assets" "1.137.0"
    "@aws-cdk/aws-events" "1.137.0"
    "@aws-cdk/aws-iam" "1.137.0"
    "@aws-cdk/aws-kms" "1.137.0"
    "@aws-cdk/aws-logs" "1.137.0"
    "@aws-cdk/aws-s3" "1.137.0"
    "@aws-cdk/aws-s3-assets" "1.137.0"
    "@aws-cdk/aws-secretsmanager" "1.137.0"
    "@aws-cdk/core" "1.137.0"
    "@aws-cdk/region-info" "1.137.0"
    constructs "^3.3.69"
    yaml "1.10.2"

"@aws-cdk/aws-codecommit@1.137.0":
  version "1.137.0"
  resolved "https://registry.yarnpkg.com/@aws-cdk/aws-codecommit/-/aws-codecommit-1.137.0.tgz#a60c3cfbd15aa474e46bbfe4c62b86a7f97d5322"
  integrity sha512-1vkFE+72mLc1gvQtyrMTcnlBAPB+QcEV1sd+pAmSLGw6864OnhCYsxSjK95sk1hyyAcdu73ZFU+4P5stDBMaFw==
  dependencies:
    "@aws-cdk/aws-codestarnotifications" "1.137.0"
    "@aws-cdk/aws-events" "1.137.0"
    "@aws-cdk/aws-iam" "1.137.0"
    "@aws-cdk/aws-s3-assets" "1.137.0"
    "@aws-cdk/core" "1.137.0"
    constructs "^3.3.69"

"@aws-cdk/aws-codeguruprofiler@1.137.0":
  version "1.137.0"
  resolved "https://registry.yarnpkg.com/@aws-cdk/aws-codeguruprofiler/-/aws-codeguruprofiler-1.137.0.tgz#bf0a413f612e9b587794b1cd5c7c50284f599492"
  integrity sha512-nz+T4AeeHnexuYA+TiSRNiv04z8rOmQm+7DoZ5GJsbwTqFxJwvk10ulJSHeVK8Hm3QiICWOHUVTdz7Gpk5CH7Q==
  dependencies:
    "@aws-cdk/aws-iam" "1.137.0"
    "@aws-cdk/core" "1.137.0"
    constructs "^3.3.69"

"@aws-cdk/aws-codepipeline@1.137.0":
  version "1.137.0"
  resolved "https://registry.yarnpkg.com/@aws-cdk/aws-codepipeline/-/aws-codepipeline-1.137.0.tgz#f61609e5029be1288c2931ab7846c62824509826"
  integrity sha512-yqia5+DPOfrYU/LloKH1sP4eN6ylmiSzQslHdJRLt2LZTIZgYMtPplmjOZOhfukEzSrXXpJLQnvm/G0xDuMOiQ==
  dependencies:
    "@aws-cdk/aws-codestarnotifications" "1.137.0"
    "@aws-cdk/aws-events" "1.137.0"
    "@aws-cdk/aws-iam" "1.137.0"
    "@aws-cdk/aws-kms" "1.137.0"
    "@aws-cdk/aws-s3" "1.137.0"
    "@aws-cdk/core" "1.137.0"
    constructs "^3.3.69"

"@aws-cdk/aws-codestarnotifications@1.137.0":
  version "1.137.0"
  resolved "https://registry.yarnpkg.com/@aws-cdk/aws-codestarnotifications/-/aws-codestarnotifications-1.137.0.tgz#fdb0c347638ccbe78b718a0508583e14972ca434"
  integrity sha512-c72pJr0il3Pod338h5HOjMrAnzShcg+cuhpYavleAXyHTu7qk623G9WKrT2lRTZSQmgjqvdpsHjlsh2gzgJVrQ==
  dependencies:
    "@aws-cdk/core" "1.137.0"
    constructs "^3.3.69"

"@aws-cdk/aws-cognito@1.137.0":
  version "1.137.0"
  resolved "https://registry.yarnpkg.com/@aws-cdk/aws-cognito/-/aws-cognito-1.137.0.tgz#d40c88cd207520e12939f54b1c065b96dcebe491"
  integrity sha512-w+TCnXVa8Q+HxDT97cr6yUW0A1/+5dCEJqNl4fmEtbs2sg5BZ6G5iuphLwZYw2tZKHXrBPcnzeoVuqJJQPwoTw==
  dependencies:
    "@aws-cdk/aws-certificatemanager" "1.137.0"
    "@aws-cdk/aws-iam" "1.137.0"
    "@aws-cdk/aws-kms" "1.137.0"
    "@aws-cdk/aws-lambda" "1.137.0"
    "@aws-cdk/core" "1.137.0"
    "@aws-cdk/custom-resources" "1.137.0"
    constructs "^3.3.69"
    punycode "^2.1.1"

"@aws-cdk/aws-ec2@1.137.0":
  version "1.137.0"
  resolved "https://registry.yarnpkg.com/@aws-cdk/aws-ec2/-/aws-ec2-1.137.0.tgz#987f78f68be6f741229b3e2ae3ae78219f6be978"
  integrity sha512-Ms/0SYOECB9tEggjgQbKe+8aqzZaT/sKnDckiDJjtI8CG/q53ETnrhqDIZgyUc96trAnXuExuEnTxlexoB3BLA==
  dependencies:
    "@aws-cdk/aws-cloudwatch" "1.137.0"
    "@aws-cdk/aws-iam" "1.137.0"
    "@aws-cdk/aws-kms" "1.137.0"
    "@aws-cdk/aws-logs" "1.137.0"
    "@aws-cdk/aws-s3" "1.137.0"
    "@aws-cdk/aws-s3-assets" "1.137.0"
    "@aws-cdk/aws-ssm" "1.137.0"
    "@aws-cdk/cloud-assembly-schema" "1.137.0"
    "@aws-cdk/core" "1.137.0"
    "@aws-cdk/cx-api" "1.137.0"
    "@aws-cdk/region-info" "1.137.0"
    constructs "^3.3.69"

"@aws-cdk/aws-ecr-assets@1.137.0":
  version "1.137.0"
  resolved "https://registry.yarnpkg.com/@aws-cdk/aws-ecr-assets/-/aws-ecr-assets-1.137.0.tgz#c6fc68b29fba0fcb02d9358fac76204eeff10c9b"
  integrity sha512-pgMYQ3lY8vtuMMEIKzekz5GJl6jWJHpuCOQTXTrJJRYM7QPl65DUE4wXN4LRzG/GRxSz7VrS96bbaocdgmcFlQ==
  dependencies:
    "@aws-cdk/assets" "1.137.0"
    "@aws-cdk/aws-ecr" "1.137.0"
    "@aws-cdk/aws-iam" "1.137.0"
    "@aws-cdk/aws-s3" "1.137.0"
    "@aws-cdk/core" "1.137.0"
    "@aws-cdk/cx-api" "1.137.0"
    constructs "^3.3.69"
    minimatch "^3.0.4"

"@aws-cdk/aws-ecr@1.137.0":
  version "1.137.0"
  resolved "https://registry.yarnpkg.com/@aws-cdk/aws-ecr/-/aws-ecr-1.137.0.tgz#1c3c006f072e52d85ab16bdaec798266cdf6f62e"
  integrity sha512-SlkFQkzKSLhY64rM7131p7bIxi5THPB0lHml+JM3cJk+Dq4kxD/OuOsWVCBSUAcbhTmm8KWYeIbPDc+yuZgryA==
  dependencies:
    "@aws-cdk/aws-events" "1.137.0"
    "@aws-cdk/aws-iam" "1.137.0"
    "@aws-cdk/core" "1.137.0"
    constructs "^3.3.69"

"@aws-cdk/aws-ecs-patterns@^1.135.0":
  version "1.137.0"
  resolved "https://registry.yarnpkg.com/@aws-cdk/aws-ecs-patterns/-/aws-ecs-patterns-1.137.0.tgz#33feb901c44927f8d32c402844457a7716f4812d"
  integrity sha512-9i9f1rJtSRFSIZ+7qgt1lcnCvV0Uzn2GXgD+WcYq8E/lbN99cHvb8OgH4DTaClMYdBhstp0OcZmmMyeOVPkHog==
  dependencies:
    "@aws-cdk/aws-applicationautoscaling" "1.137.0"
    "@aws-cdk/aws-autoscaling" "1.137.0"
    "@aws-cdk/aws-certificatemanager" "1.137.0"
    "@aws-cdk/aws-ec2" "1.137.0"
    "@aws-cdk/aws-ecs" "1.137.0"
    "@aws-cdk/aws-elasticloadbalancingv2" "1.137.0"
    "@aws-cdk/aws-events" "1.137.0"
    "@aws-cdk/aws-events-targets" "1.137.0"
    "@aws-cdk/aws-iam" "1.137.0"
    "@aws-cdk/aws-route53" "1.137.0"
    "@aws-cdk/aws-route53-targets" "1.137.0"
    "@aws-cdk/aws-servicediscovery" "1.137.0"
    "@aws-cdk/aws-sqs" "1.137.0"
    "@aws-cdk/core" "1.137.0"
    "@aws-cdk/cx-api" "1.137.0"
    constructs "^3.3.69"

"@aws-cdk/aws-ecs@1.137.0", "@aws-cdk/aws-ecs@^1.135.0":
  version "1.137.0"
  resolved "https://registry.yarnpkg.com/@aws-cdk/aws-ecs/-/aws-ecs-1.137.0.tgz#9b17f355416501b1f4dde9977e7b8013d5a39ad3"
  integrity sha512-LABmKbDtGtwc6lb6xHirZBwpOP9baYiUy5SvTCCSdg0uufSbrVwvTb2iPWqVpEaK+KDVuuEo0qhJ/S2zp4ir6Q==
  dependencies:
    "@aws-cdk/aws-applicationautoscaling" "1.137.0"
    "@aws-cdk/aws-autoscaling" "1.137.0"
    "@aws-cdk/aws-autoscaling-hooktargets" "1.137.0"
    "@aws-cdk/aws-certificatemanager" "1.137.0"
    "@aws-cdk/aws-cloudwatch" "1.137.0"
    "@aws-cdk/aws-ec2" "1.137.0"
    "@aws-cdk/aws-ecr" "1.137.0"
    "@aws-cdk/aws-ecr-assets" "1.137.0"
    "@aws-cdk/aws-elasticloadbalancing" "1.137.0"
    "@aws-cdk/aws-elasticloadbalancingv2" "1.137.0"
    "@aws-cdk/aws-iam" "1.137.0"
    "@aws-cdk/aws-kms" "1.137.0"
    "@aws-cdk/aws-lambda" "1.137.0"
    "@aws-cdk/aws-logs" "1.137.0"
    "@aws-cdk/aws-route53" "1.137.0"
    "@aws-cdk/aws-route53-targets" "1.137.0"
    "@aws-cdk/aws-s3" "1.137.0"
    "@aws-cdk/aws-s3-assets" "1.137.0"
    "@aws-cdk/aws-secretsmanager" "1.137.0"
    "@aws-cdk/aws-servicediscovery" "1.137.0"
    "@aws-cdk/aws-sns" "1.137.0"
    "@aws-cdk/aws-sqs" "1.137.0"
    "@aws-cdk/aws-ssm" "1.137.0"
    "@aws-cdk/core" "1.137.0"
    "@aws-cdk/cx-api" "1.137.0"
    constructs "^3.3.69"

"@aws-cdk/aws-efs@1.137.0":
  version "1.137.0"
  resolved "https://registry.yarnpkg.com/@aws-cdk/aws-efs/-/aws-efs-1.137.0.tgz#b98917f4e39f6b276e0146a47933c2a6fd612847"
  integrity sha512-MAWO/FkQ8hoKUczWu6uQig56r8/q/mz30smqOKTEDQgoy1+Kj9XxtHwfm80h2nU+eg9OpSYz1NlNc+gBeR+dPw==
  dependencies:
    "@aws-cdk/aws-ec2" "1.137.0"
    "@aws-cdk/aws-iam" "1.137.0"
    "@aws-cdk/aws-kms" "1.137.0"
    "@aws-cdk/cloud-assembly-schema" "1.137.0"
    "@aws-cdk/core" "1.137.0"
    "@aws-cdk/cx-api" "1.137.0"
    constructs "^3.3.69"

"@aws-cdk/aws-elasticloadbalancing@1.137.0":
  version "1.137.0"
  resolved "https://registry.yarnpkg.com/@aws-cdk/aws-elasticloadbalancing/-/aws-elasticloadbalancing-1.137.0.tgz#572214d4259c7f3c2d6dda1abc7b9539918e6803"
  integrity sha512-jHTYzrxSZfSNilzdDqvy+grdjuQ9W5sKM+JEVtGnF3ykxI4XgYFgQx76tdAO3dfsqD0STF5EllDtcoh91uqDHg==
  dependencies:
    "@aws-cdk/aws-ec2" "1.137.0"
    "@aws-cdk/core" "1.137.0"
    constructs "^3.3.69"

"@aws-cdk/aws-elasticloadbalancingv2@1.137.0":
  version "1.137.0"
  resolved "https://registry.yarnpkg.com/@aws-cdk/aws-elasticloadbalancingv2/-/aws-elasticloadbalancingv2-1.137.0.tgz#722f41fac35b5b2a550c72d1da2447f7a003ccf7"
  integrity sha512-CL7GxFOTKsE6krLHw9y3jxtILJHcPs6p2s7rXzqZmCVvDRIpifmhlKfRgyNAcUL8VfrOt9VN1jbwQmB1vWdwDg==
  dependencies:
    "@aws-cdk/aws-certificatemanager" "1.137.0"
    "@aws-cdk/aws-cloudwatch" "1.137.0"
    "@aws-cdk/aws-ec2" "1.137.0"
    "@aws-cdk/aws-iam" "1.137.0"
    "@aws-cdk/aws-lambda" "1.137.0"
    "@aws-cdk/aws-s3" "1.137.0"
    "@aws-cdk/cloud-assembly-schema" "1.137.0"
    "@aws-cdk/core" "1.137.0"
    "@aws-cdk/cx-api" "1.137.0"
    "@aws-cdk/region-info" "1.137.0"
    constructs "^3.3.69"

"@aws-cdk/aws-events-targets@1.137.0":
  version "1.137.0"
  resolved "https://registry.yarnpkg.com/@aws-cdk/aws-events-targets/-/aws-events-targets-1.137.0.tgz#759f58c18fa4dc7bd18debadfaed4d1cea2fae17"
  integrity sha512-LxcC3OmGNiN3DSyUb02uMc4klpOe86nC/mySMOwx/D9GVt2mwKhbxgAIq/+UyteACbJcatnVEg3EQ0KKAzz0Uw==
  dependencies:
    "@aws-cdk/aws-apigateway" "1.137.0"
    "@aws-cdk/aws-autoscaling" "1.137.0"
    "@aws-cdk/aws-codebuild" "1.137.0"
    "@aws-cdk/aws-codepipeline" "1.137.0"
    "@aws-cdk/aws-ec2" "1.137.0"
    "@aws-cdk/aws-ecs" "1.137.0"
    "@aws-cdk/aws-events" "1.137.0"
    "@aws-cdk/aws-iam" "1.137.0"
    "@aws-cdk/aws-kinesis" "1.137.0"
    "@aws-cdk/aws-kinesisfirehose" "1.137.0"
    "@aws-cdk/aws-kms" "1.137.0"
    "@aws-cdk/aws-lambda" "1.137.0"
    "@aws-cdk/aws-logs" "1.137.0"
    "@aws-cdk/aws-sns" "1.137.0"
    "@aws-cdk/aws-sns-subscriptions" "1.137.0"
    "@aws-cdk/aws-sqs" "1.137.0"
    "@aws-cdk/aws-stepfunctions" "1.137.0"
    "@aws-cdk/core" "1.137.0"
    "@aws-cdk/custom-resources" "1.137.0"
    constructs "^3.3.69"

"@aws-cdk/aws-events@1.137.0":
  version "1.137.0"
  resolved "https://registry.yarnpkg.com/@aws-cdk/aws-events/-/aws-events-1.137.0.tgz#505232daa06fb848f1a42626fba846d41f9bdaaf"
  integrity sha512-+9u2y4AWJ9AAtfps33axvIvz1gYdT5PoUa/7d/ZaANHyyW08LPYWAF+xkGAnMNdTN6PW6EtjJCLqQd+0agL82Q==
  dependencies:
    "@aws-cdk/aws-iam" "1.137.0"
    "@aws-cdk/core" "1.137.0"
    constructs "^3.3.69"

"@aws-cdk/aws-globalaccelerator@1.137.0":
  version "1.137.0"
  resolved "https://registry.yarnpkg.com/@aws-cdk/aws-globalaccelerator/-/aws-globalaccelerator-1.137.0.tgz#a9023e7207bf5aef179f829110ea01799c8c8b5b"
  integrity sha512-IOGCxSdz18bbhmVi5+hhnuX5g4uTNfrNSB4Go76QUTJl5R+iUlM20r5KaczP7EHZH+uAMihXiCWtvoH3nJROjg==
  dependencies:
    "@aws-cdk/aws-ec2" "1.137.0"
    "@aws-cdk/core" "1.137.0"
    "@aws-cdk/custom-resources" "1.137.0"
    constructs "^3.3.69"

"@aws-cdk/aws-iam@1.137.0":
  version "1.137.0"
  resolved "https://registry.yarnpkg.com/@aws-cdk/aws-iam/-/aws-iam-1.137.0.tgz#a57cf38407c63485e52c903ac343a75c16bc0e73"
  integrity sha512-SIqiojkDiTY0DJiF0QDxR37/ZLXTEGZy4S2dsAbDKN7b4XVEPB7G4YBUhn8cHNykc3NNuWdcsKBrGcH+qYKFGA==
  dependencies:
    "@aws-cdk/core" "1.137.0"
    "@aws-cdk/region-info" "1.137.0"
    constructs "^3.3.69"

"@aws-cdk/aws-kinesis@1.137.0":
  version "1.137.0"
  resolved "https://registry.yarnpkg.com/@aws-cdk/aws-kinesis/-/aws-kinesis-1.137.0.tgz#a31829af1027df034625dd6acd203c5fb7202716"
  integrity sha512-pO4uC+PhZm0x5N7W2pEshkQbvUiSb7mf6b/lqm1vXiYyGAkKFN9BjnJzjh3ZjJqf7Y9fQ9m4NkdWrbIaakY1Vg==
  dependencies:
    "@aws-cdk/aws-cloudwatch" "1.137.0"
    "@aws-cdk/aws-iam" "1.137.0"
    "@aws-cdk/aws-kms" "1.137.0"
    "@aws-cdk/aws-logs" "1.137.0"
    "@aws-cdk/core" "1.137.0"
    constructs "^3.3.69"

"@aws-cdk/aws-kinesisfirehose@1.137.0":
  version "1.137.0"
  resolved "https://registry.yarnpkg.com/@aws-cdk/aws-kinesisfirehose/-/aws-kinesisfirehose-1.137.0.tgz#b58f3a388fd0362b6805e9f45ef842703f756614"
  integrity sha512-7/A4DPvdaTGSR/FaxqYpqUoypYQojbS+jIML37mydSg3zq6e1+eUyHBMMWMb2cVzgJmXzHg8HAhFyHw4ilGM1g==
  dependencies:
    "@aws-cdk/aws-cloudwatch" "1.137.0"
    "@aws-cdk/aws-ec2" "1.137.0"
    "@aws-cdk/aws-iam" "1.137.0"
    "@aws-cdk/aws-kinesis" "1.137.0"
    "@aws-cdk/aws-kms" "1.137.0"
    "@aws-cdk/aws-lambda" "1.137.0"
    "@aws-cdk/aws-logs" "1.137.0"
    "@aws-cdk/aws-s3" "1.137.0"
    "@aws-cdk/core" "1.137.0"
    "@aws-cdk/region-info" "1.137.0"
    constructs "^3.3.69"

"@aws-cdk/aws-kms@1.137.0":
  version "1.137.0"
  resolved "https://registry.yarnpkg.com/@aws-cdk/aws-kms/-/aws-kms-1.137.0.tgz#4b649fbcb278ef4d47e039a4f26f257c14be9448"
  integrity sha512-8Gy+C5vA6u3RnrnWUDIDDsJyJQP50jv9NDepJ2/P6hgKbMktRikWSGCZV3nHubhlnu/yNU1s99IyjzTTn1rN/w==
  dependencies:
    "@aws-cdk/aws-iam" "1.137.0"
    "@aws-cdk/cloud-assembly-schema" "1.137.0"
    "@aws-cdk/core" "1.137.0"
    "@aws-cdk/cx-api" "1.137.0"
    constructs "^3.3.69"

"@aws-cdk/aws-lambda@1.137.0":
  version "1.137.0"
  resolved "https://registry.yarnpkg.com/@aws-cdk/aws-lambda/-/aws-lambda-1.137.0.tgz#a6fb529326634b14d131d3302b0f71dc9eb89f6a"
  integrity sha512-g3APhaR3rYpaF0U86MU0P3iQP1q+tP8sG6Kmh5wG7qor8umsWUQ1+iVOM7TA+a8H+q33O/FHw0eEHE2MHCtSYA==
  dependencies:
    "@aws-cdk/aws-applicationautoscaling" "1.137.0"
    "@aws-cdk/aws-cloudwatch" "1.137.0"
    "@aws-cdk/aws-codeguruprofiler" "1.137.0"
    "@aws-cdk/aws-ec2" "1.137.0"
    "@aws-cdk/aws-ecr" "1.137.0"
    "@aws-cdk/aws-ecr-assets" "1.137.0"
    "@aws-cdk/aws-efs" "1.137.0"
    "@aws-cdk/aws-events" "1.137.0"
    "@aws-cdk/aws-iam" "1.137.0"
    "@aws-cdk/aws-kms" "1.137.0"
    "@aws-cdk/aws-logs" "1.137.0"
    "@aws-cdk/aws-s3" "1.137.0"
    "@aws-cdk/aws-s3-assets" "1.137.0"
    "@aws-cdk/aws-signer" "1.137.0"
    "@aws-cdk/aws-sqs" "1.137.0"
    "@aws-cdk/core" "1.137.0"
    "@aws-cdk/cx-api" "1.137.0"
    "@aws-cdk/region-info" "1.137.0"
    constructs "^3.3.69"

"@aws-cdk/aws-logs@1.137.0":
  version "1.137.0"
  resolved "https://registry.yarnpkg.com/@aws-cdk/aws-logs/-/aws-logs-1.137.0.tgz#79447cbb7f5df034b3e92c8a77b04d7c2a84390a"
  integrity sha512-usS6GdOFoEB/gRVD74zuOdAYye840LGacz7l+flYzq7ZvanO9Rdtn2wlpM3z1QwwxUu+46KCNHByYShjQvFxrQ==
  dependencies:
    "@aws-cdk/aws-cloudwatch" "1.137.0"
    "@aws-cdk/aws-iam" "1.137.0"
    "@aws-cdk/aws-kms" "1.137.0"
    "@aws-cdk/aws-s3-assets" "1.137.0"
    "@aws-cdk/core" "1.137.0"
    "@aws-cdk/cx-api" "1.137.0"
    constructs "^3.3.69"

"@aws-cdk/aws-route53-targets@1.137.0", "@aws-cdk/aws-route53-targets@^1.135.0":
  version "1.137.0"
  resolved "https://registry.yarnpkg.com/@aws-cdk/aws-route53-targets/-/aws-route53-targets-1.137.0.tgz#d3b3e72c9763b4ffeda566f6aa979f8f27daa14f"
  integrity sha512-Y0Inw2WUxqNIM1xIFWfkzE+rlxJTjS3zYEuvzRtYQiWD8tqXcXvzpA9Ezt29COTLwt7UhEy/WdK9YTviH/sqjQ==
  dependencies:
    "@aws-cdk/aws-apigateway" "1.137.0"
    "@aws-cdk/aws-cloudfront" "1.137.0"
    "@aws-cdk/aws-cognito" "1.137.0"
    "@aws-cdk/aws-ec2" "1.137.0"
    "@aws-cdk/aws-elasticloadbalancing" "1.137.0"
    "@aws-cdk/aws-elasticloadbalancingv2" "1.137.0"
    "@aws-cdk/aws-globalaccelerator" "1.137.0"
    "@aws-cdk/aws-iam" "1.137.0"
    "@aws-cdk/aws-route53" "1.137.0"
    "@aws-cdk/aws-s3" "1.137.0"
    "@aws-cdk/core" "1.137.0"
    "@aws-cdk/region-info" "1.137.0"
    constructs "^3.3.69"

"@aws-cdk/aws-route53@1.137.0", "@aws-cdk/aws-route53@^1.135.0":
  version "1.137.0"
  resolved "https://registry.yarnpkg.com/@aws-cdk/aws-route53/-/aws-route53-1.137.0.tgz#da0e5904eae161f559d1c30242f48342e02b4301"
  integrity sha512-rLJUp4N/4R003Vf46RAuRA0AnTsvYd9pwgfrRJ3m1DmDpom1xjZXz80zbRLlTITXpSFKbV5i3U5PvEQW9RlI2Q==
  dependencies:
    "@aws-cdk/aws-ec2" "1.137.0"
    "@aws-cdk/aws-iam" "1.137.0"
    "@aws-cdk/aws-logs" "1.137.0"
    "@aws-cdk/cloud-assembly-schema" "1.137.0"
    "@aws-cdk/core" "1.137.0"
    "@aws-cdk/custom-resources" "1.137.0"
    constructs "^3.3.69"

"@aws-cdk/aws-s3-assets@1.137.0":
  version "1.137.0"
  resolved "https://registry.yarnpkg.com/@aws-cdk/aws-s3-assets/-/aws-s3-assets-1.137.0.tgz#490b2143583b13efc338ea2a6ca0b447af2cacc7"
  integrity sha512-a3Y5TL2KH0MGFG9MXC7crJ1h/apb0xx60SzEpdNQY1LTS/kiL1zrYeqKHmHLK9oEQfrLrc9XAPKmn4aMljbLTg==
  dependencies:
    "@aws-cdk/assets" "1.137.0"
    "@aws-cdk/aws-iam" "1.137.0"
    "@aws-cdk/aws-kms" "1.137.0"
    "@aws-cdk/aws-s3" "1.137.0"
    "@aws-cdk/core" "1.137.0"
    "@aws-cdk/cx-api" "1.137.0"
    constructs "^3.3.69"

"@aws-cdk/aws-s3-deployment@^1.135.0":
  version "1.137.0"
  resolved "https://registry.yarnpkg.com/@aws-cdk/aws-s3-deployment/-/aws-s3-deployment-1.137.0.tgz#7eb175536879d24d8d5c09a777ff2d126b0028c0"
  integrity sha512-yfBAf8NkleiRA0l5C3LZTi4OveXCTxTrrIS28Nc9lvcPVtn2qGSkPivdw78WsBeccWxGcHJS0T8JFH7M5ePrkQ==
  dependencies:
    "@aws-cdk/aws-cloudfront" "1.137.0"
    "@aws-cdk/aws-ec2" "1.137.0"
    "@aws-cdk/aws-efs" "1.137.0"
    "@aws-cdk/aws-iam" "1.137.0"
    "@aws-cdk/aws-lambda" "1.137.0"
    "@aws-cdk/aws-logs" "1.137.0"
    "@aws-cdk/aws-s3" "1.137.0"
    "@aws-cdk/aws-s3-assets" "1.137.0"
    "@aws-cdk/core" "1.137.0"
    "@aws-cdk/lambda-layer-awscli" "1.137.0"
    case "1.6.3"
    constructs "^3.3.69"

"@aws-cdk/aws-s3@1.137.0", "@aws-cdk/aws-s3@^1.135.0":
  version "1.137.0"
  resolved "https://registry.yarnpkg.com/@aws-cdk/aws-s3/-/aws-s3-1.137.0.tgz#0a5d23497d59482ada3731926b406c3e875f18e0"
  integrity sha512-Nl/r1PtZjIrVuJGIeywnGZtbn78NChPUiwc4T3mV16q3BjFiv8oDV0az6ZVnkNZkALEkRnLyal0i3StVder36A==
  dependencies:
    "@aws-cdk/aws-events" "1.137.0"
    "@aws-cdk/aws-iam" "1.137.0"
    "@aws-cdk/aws-kms" "1.137.0"
    "@aws-cdk/core" "1.137.0"
    "@aws-cdk/cx-api" "1.137.0"
    constructs "^3.3.69"

"@aws-cdk/aws-sam@1.137.0":
  version "1.137.0"
  resolved "https://registry.yarnpkg.com/@aws-cdk/aws-sam/-/aws-sam-1.137.0.tgz#b2b064a633dadc0e33285230ead725d640a0eb9f"
  integrity sha512-sLgE5zVG/HkeYFakbNC69y1VFHrCxMuA2zj8IyVl0Cg5ZqLOhso/oJTXZd3lZsPVzoR9WviYGwMbU5+p7DhECg==
  dependencies:
    "@aws-cdk/core" "1.137.0"
    constructs "^3.3.69"

"@aws-cdk/aws-secretsmanager@1.137.0":
  version "1.137.0"
  resolved "https://registry.yarnpkg.com/@aws-cdk/aws-secretsmanager/-/aws-secretsmanager-1.137.0.tgz#343f73780c33f18da64cea5b703d254fe4f2e48b"
  integrity sha512-URXmT66+JXnppKmb8ygcI6mwGb6QFKMqRYFNI4yaodRCgI1Rf8VW7rD1aQH2yoWIPiIhl68/GtRHMG12k6Zakw==
  dependencies:
    "@aws-cdk/aws-ec2" "1.137.0"
    "@aws-cdk/aws-iam" "1.137.0"
    "@aws-cdk/aws-kms" "1.137.0"
    "@aws-cdk/aws-lambda" "1.137.0"
    "@aws-cdk/aws-sam" "1.137.0"
    "@aws-cdk/core" "1.137.0"
    "@aws-cdk/cx-api" "1.137.0"
    constructs "^3.3.69"

"@aws-cdk/aws-servicediscovery@1.137.0":
  version "1.137.0"
  resolved "https://registry.yarnpkg.com/@aws-cdk/aws-servicediscovery/-/aws-servicediscovery-1.137.0.tgz#a1e78d23183a57083ab0eb97fbdd3554f05baea5"
  integrity sha512-C1niyZbWd4hJuoxmtDpkIuMUGD0P2k8EHu2AmVZQ2TOcaWJ1lDDV6neXBbllgSckCj7VgPXzZ54TcAQTL6fkxA==
  dependencies:
    "@aws-cdk/aws-ec2" "1.137.0"
    "@aws-cdk/aws-elasticloadbalancingv2" "1.137.0"
    "@aws-cdk/aws-route53" "1.137.0"
    "@aws-cdk/core" "1.137.0"
    constructs "^3.3.69"

"@aws-cdk/aws-signer@1.137.0":
  version "1.137.0"
  resolved "https://registry.yarnpkg.com/@aws-cdk/aws-signer/-/aws-signer-1.137.0.tgz#34f28832bc08621804c0cfbdd8fb488c90b854ce"
  integrity sha512-C4fR/2Y/NnfmhSxf1xY/R3L7ItaDV7PMhDD5h28MwIfpjXA+FTdc42qXvngczNHMBwRBbwxUNfdoup5+aYPyWw==
  dependencies:
    "@aws-cdk/core" "1.137.0"
    constructs "^3.3.69"

"@aws-cdk/aws-sns-subscriptions@1.137.0":
  version "1.137.0"
  resolved "https://registry.yarnpkg.com/@aws-cdk/aws-sns-subscriptions/-/aws-sns-subscriptions-1.137.0.tgz#e57fdfecf29a3e09a035c5a4e4446a5c21dd12b6"
  integrity sha512-wYfL6dx6BEkTdiDMcEgHePVo6cpEID/gySfvkvGBVpbzoQkn8ELvTW1lcemNUlBJidgquJVMA4ngWKIVHCFTQg==
  dependencies:
    "@aws-cdk/aws-iam" "1.137.0"
    "@aws-cdk/aws-kms" "1.137.0"
    "@aws-cdk/aws-lambda" "1.137.0"
    "@aws-cdk/aws-sns" "1.137.0"
    "@aws-cdk/aws-sqs" "1.137.0"
    "@aws-cdk/core" "1.137.0"
    constructs "^3.3.69"

"@aws-cdk/aws-sns@1.137.0":
  version "1.137.0"
  resolved "https://registry.yarnpkg.com/@aws-cdk/aws-sns/-/aws-sns-1.137.0.tgz#8d2761a5705a2d6a21c97b589cb365d0cbf1ddf6"
  integrity sha512-NPdUlFCWpGGJlFKKvzq1kGu7ollLkw8uevQGVs3ni1NrqTYR7uzi7pWa4FKPDnijcVUDsHnk7V8Y4yq3yH878A==
  dependencies:
    "@aws-cdk/aws-cloudwatch" "1.137.0"
    "@aws-cdk/aws-codestarnotifications" "1.137.0"
    "@aws-cdk/aws-events" "1.137.0"
    "@aws-cdk/aws-iam" "1.137.0"
    "@aws-cdk/aws-kms" "1.137.0"
    "@aws-cdk/aws-sqs" "1.137.0"
    "@aws-cdk/core" "1.137.0"
    constructs "^3.3.69"

"@aws-cdk/aws-sqs@1.137.0":
  version "1.137.0"
  resolved "https://registry.yarnpkg.com/@aws-cdk/aws-sqs/-/aws-sqs-1.137.0.tgz#ff8dbb3560cf4f8256fdf05ea069cbbbc14b3da9"
  integrity sha512-yXa4lzpHeOIiG81WNnk8ZaWcBjF6CVR4a9FU+wjJ+/Mp3W3Uy8mkULp8EkGOi8Wjfd6hyA8G9FHX2NlQdbfMIA==
  dependencies:
    "@aws-cdk/aws-cloudwatch" "1.137.0"
    "@aws-cdk/aws-iam" "1.137.0"
    "@aws-cdk/aws-kms" "1.137.0"
    "@aws-cdk/core" "1.137.0"
    constructs "^3.3.69"

"@aws-cdk/aws-ssm@1.137.0":
  version "1.137.0"
  resolved "https://registry.yarnpkg.com/@aws-cdk/aws-ssm/-/aws-ssm-1.137.0.tgz#1fb3124167c7ae3e13bbd596dde61dff4a28e10b"
  integrity sha512-8IWYC8taneIAiMIvwtNY08z6v4d5gkGrry6anzAKZO/ShorUXTpgAFGXTyOalF+dYGdMVorWhXp3LOtzY7YsMA==
  dependencies:
    "@aws-cdk/aws-iam" "1.137.0"
    "@aws-cdk/aws-kms" "1.137.0"
    "@aws-cdk/cloud-assembly-schema" "1.137.0"
    "@aws-cdk/core" "1.137.0"
    constructs "^3.3.69"

"@aws-cdk/aws-stepfunctions@1.137.0":
  version "1.137.0"
  resolved "https://registry.yarnpkg.com/@aws-cdk/aws-stepfunctions/-/aws-stepfunctions-1.137.0.tgz#fa41437f95c0b0943f1ccc858875658e048badeb"
  integrity sha512-R1VKQGVHiBkNKF1t8VfDZzQhe0QR1WmSIG1Ttf76OjfxCQ9pCi1tGx5yso8X/10D+KfTCpZQSWcdsOQIwz2VQA==
  dependencies:
    "@aws-cdk/aws-cloudwatch" "1.137.0"
    "@aws-cdk/aws-events" "1.137.0"
    "@aws-cdk/aws-iam" "1.137.0"
    "@aws-cdk/aws-logs" "1.137.0"
    "@aws-cdk/aws-s3" "1.137.0"
    "@aws-cdk/core" "1.137.0"
    constructs "^3.3.69"

"@aws-cdk/cloud-assembly-schema@1.137.0":
  version "1.137.0"
  resolved "https://registry.yarnpkg.com/@aws-cdk/cloud-assembly-schema/-/cloud-assembly-schema-1.137.0.tgz#c8c4dd30e0067c1df38fe178d3a0c590c771c61f"
  integrity sha512-0Ald8ems8TshfaQETXPhpB1f0BhIqeycepb8TrC2TiCDcVeLvUepXCSnRwUdn+s6eiB5RaqC6tepJfgWaEWgWQ==
  dependencies:
    jsonschema "^1.4.0"
    semver "^7.3.5"

"@aws-cdk/core@1.137.0", "@aws-cdk/core@^1.135.0":
  version "1.137.0"
  resolved "https://registry.yarnpkg.com/@aws-cdk/core/-/core-1.137.0.tgz#050ccfdb83356babe3f76aee8fabafb7a1d80fed"
  integrity sha512-1h1f4dZipq9p4AxWEbiM4bcd+RpiPW2WMFCRfwj4qYsApbRupz+BITk7u3vaOIYHzqXerIpbCTF9+e3pQHwCSA==
  dependencies:
    "@aws-cdk/cloud-assembly-schema" "1.137.0"
    "@aws-cdk/cx-api" "1.137.0"
    "@aws-cdk/region-info" "1.137.0"
    "@balena/dockerignore" "^1.0.2"
    constructs "^3.3.69"
    fs-extra "^9.1.0"
    ignore "^5.1.9"
    minimatch "^3.0.4"

"@aws-cdk/custom-resources@1.137.0":
  version "1.137.0"
  resolved "https://registry.yarnpkg.com/@aws-cdk/custom-resources/-/custom-resources-1.137.0.tgz#10ff1934bdbac5bca71a0d7802d394374029793c"
  integrity sha512-LTM8i1dpXF5zajPqhPrfmiaAxuGf9i8Coz6Zu0yUX003he+s2GfA7Qp+WTvKegqVTVuaYGW2jsyx37OdXwNSfA==
  dependencies:
    "@aws-cdk/aws-cloudformation" "1.137.0"
    "@aws-cdk/aws-ec2" "1.137.0"
    "@aws-cdk/aws-iam" "1.137.0"
    "@aws-cdk/aws-lambda" "1.137.0"
    "@aws-cdk/aws-logs" "1.137.0"
    "@aws-cdk/aws-sns" "1.137.0"
    "@aws-cdk/core" "1.137.0"
    constructs "^3.3.69"

"@aws-cdk/cx-api@1.137.0":
  version "1.137.0"
  resolved "https://registry.yarnpkg.com/@aws-cdk/cx-api/-/cx-api-1.137.0.tgz#30351b24d817c8daad42f04ee67bbe92263fbe1a"
  integrity sha512-i/5HHACmDl3Hp/diJzBwR/vBBil4o1P36fJtpwT3sy5jDsbGb5A7C2DnV1KA/ZEWw6svQMntQmZF29lt76gqxg==
  dependencies:
    "@aws-cdk/cloud-assembly-schema" "1.137.0"
    semver "^7.3.5"

"@aws-cdk/lambda-layer-awscli@1.137.0":
  version "1.137.0"
  resolved "https://registry.yarnpkg.com/@aws-cdk/lambda-layer-awscli/-/lambda-layer-awscli-1.137.0.tgz#efdc3a5f54f0f456f30d241b4a89fed5f2d9e8fb"
  integrity sha512-YWZ43kuba2P2EroK6FB+3pdNtwgyHiWzZs8E1EOePHUeF92zRjG/QHiNZ6TIH+RAeiIGBf94JdlaCjjpCXDT/A==
  dependencies:
    "@aws-cdk/aws-lambda" "1.137.0"
    "@aws-cdk/core" "1.137.0"
    constructs "^3.3.69"

"@aws-cdk/region-info@1.137.0":
  version "1.137.0"
  resolved "https://registry.yarnpkg.com/@aws-cdk/region-info/-/region-info-1.137.0.tgz#e42305a6d0873f319831678ba043ef5885ad090f"
  integrity sha512-BE72/i+DnPMw8upqAc3Lzrb3pKTYOrscVTVVgg1tiQMVKFwG4HJD13kDmxvaiB5U42+Kpnb0yq/CXNz+5mSdPg==

"@balena/dockerignore@^1.0.2":
  version "1.0.2"
  resolved "https://registry.yarnpkg.com/@balena/dockerignore/-/dockerignore-1.0.2.tgz#9ffe4726915251e8eb69f44ef3547e0da2c03e0d"
  integrity sha512-wMue2Sy4GAVTk6Ic4tJVcnfdau+gx2EnG7S+uAEe+TWJFqE4YoWN4/H8MSLj4eYJKxGg26lZwboEniNiNwZQ6Q==

"@types/node@^16.11.12":
  version "16.11.17"
  resolved "https://registry.yarnpkg.com/@types/node/-/node-16.11.17.tgz#ae146499772e33fc6382e1880bc567e41a528586"
  integrity sha512-C1vTZME8cFo8uxY2ui41xcynEotVkczIVI5AjLmy5pkpBv/FtG+jhtOlfcPysI8VRVwoOMv6NJm44LGnoMSWkw==

at-least-node@^1.0.0:
  version "1.0.0"
  resolved "https://registry.yarnpkg.com/at-least-node/-/at-least-node-1.0.0.tgz#602cd4b46e844ad4effc92a8011a3c46e0238dc2"
  integrity sha512-+q/t7Ekv1EDY2l6Gda6LLiX14rU9TV20Wa3ofeQmwPFZbOMo9DXrLbOjFaaclkXKWidIaopwAObQDqwWtGUjqg==

balanced-match@^1.0.0:
  version "1.0.2"
  resolved "https://registry.yarnpkg.com/balanced-match/-/balanced-match-1.0.2.tgz#e83e3a7e3f300b34cb9d87f615fa0cbf357690ee"
  integrity sha512-3oSeUO0TMV67hN1AmbXsK4yaqU7tjiHlbxRDZOpH0KW9+CeX4bRAaX0Anxt0tx2MrpRpWwQaPwIlISEJhYU5Pw==

brace-expansion@^1.1.7:
  version "1.1.11"
  resolved "https://registry.yarnpkg.com/brace-expansion/-/brace-expansion-1.1.11.tgz#3c7fcbf529d87226f3d2f52b966ff5271eb441dd"
  integrity sha512-iCuPHDFgrHX7H2vEI/5xpz07zSHB00TpugqhmYtVmMO6518mCuRMoOYFldEBl0g187ufozdaHgWKcYFb61qGiA==
  dependencies:
    balanced-match "^1.0.0"
    concat-map "0.0.1"

buffer-from@^1.0.0:
  version "1.1.2"
  resolved "https://registry.yarnpkg.com/buffer-from/-/buffer-from-1.1.2.tgz#2b146a6fd72e80b4f55d255f35ed59a3a9a41bd5"
  integrity sha512-E+XQCRwSbaaiChtv6k6Dwgc+bx+Bs6vuKJHHl5kox/BaKbhiXzqQOwK4cO22yElGp2OCmjwVhT3HmxgyPGnJfQ==

case@1.6.3:
  version "1.6.3"
  resolved "https://registry.yarnpkg.com/case/-/case-1.6.3.tgz#0a4386e3e9825351ca2e6216c60467ff5f1ea1c9"
  integrity sha512-mzDSXIPaFwVDvZAHqZ9VlbyF4yyXRuX6IvB06WvPYkqJVO24kX1PPhv9bfpKNFZyxYFmmgo03HUiD8iklmJYRQ==

concat-map@0.0.1:
  version "0.0.1"
  resolved "https://registry.yarnpkg.com/concat-map/-/concat-map-0.0.1.tgz#d8a96bd77fd68df7793a73036a3ba0d5405d477b"
  integrity sha1-2Klr13/Wjfd5OnMDajug1UBdR3s=

constructs@^3.3.69:
  version "3.3.168"
  resolved "https://registry.yarnpkg.com/constructs/-/constructs-3.3.168.tgz#1dd69772b4c12822eb5380e614e8e3a95d94b682"
  integrity sha512-9DwVLINNDwzZ5sbzYZ1SZNck43T4BzM4Qua0TGLTdgNZXshW+Q9/93jsKCp3cvuG6Y5ReMby84K9WsEfwiWHKw==

fs-extra@^9.1.0:
  version "9.1.0"
  resolved "https://registry.yarnpkg.com/fs-extra/-/fs-extra-9.1.0.tgz#5954460c764a8da2094ba3554bf839e6b9a7c86d"
  integrity sha512-hcg3ZmepS30/7BSFqRvoo3DOMQu7IjqxO5nCDt+zM9XWjb33Wg7ziNT+Qvqbuc3+gWpzO02JubVyk2G4Zvo1OQ==
  dependencies:
    at-least-node "^1.0.0"
    graceful-fs "^4.2.0"
    jsonfile "^6.0.1"
    universalify "^2.0.0"

graceful-fs@^4.1.6, graceful-fs@^4.2.0:
  version "4.2.8"
  resolved "https://registry.yarnpkg.com/graceful-fs/-/graceful-fs-4.2.8.tgz#e412b8d33f5e006593cbd3cee6df9f2cebbe802a"
  integrity sha512-qkIilPUYcNhJpd33n0GBXTB1MMPp14TxEsEs0pTrsSVucApsYzW5V+Q8Qxhik6KU3evy+qkAAowTByymK0avdg==

ignore@^5.1.9:
  version "5.2.0"
  resolved "https://registry.yarnpkg.com/ignore/-/ignore-5.2.0.tgz#6d3bac8fa7fe0d45d9f9be7bac2fc279577e345a"
  integrity sha512-CmxgYGiEPCLhfLnpPp1MoRmifwEIOgjcHXxOBjv7mY96c+eWScsOP9c112ZyLdWHi0FxHjI+4uVhKYp/gcdRmQ==

jsonfile@^6.0.1:
  version "6.1.0"
  resolved "https://registry.yarnpkg.com/jsonfile/-/jsonfile-6.1.0.tgz#bc55b2634793c679ec6403094eb13698a6ec0aae"
  integrity sha512-5dgndWOriYSm5cnYaJNhalLNDKOqFwyDB/rr1E9ZsGciGvKPs8R2xYGCacuf3z6K1YKDz182fd+fY3cn3pMqXQ==
  dependencies:
    universalify "^2.0.0"
  optionalDependencies:
    graceful-fs "^4.1.6"

jsonschema@^1.4.0:
  version "1.4.0"
  resolved "https://registry.yarnpkg.com/jsonschema/-/jsonschema-1.4.0.tgz#1afa34c4bc22190d8e42271ec17ac8b3404f87b2"
  integrity sha512-/YgW6pRMr6M7C+4o8kS+B/2myEpHCrxO4PEWnqJNBFMjn7EWXqlQ4tGwL6xTHeRplwuZmcAncdvfOad1nT2yMw==

lru-cache@^6.0.0:
  version "6.0.0"
  resolved "https://registry.yarnpkg.com/lru-cache/-/lru-cache-6.0.0.tgz#6d6fe6570ebd96aaf90fcad1dafa3b2566db3a94"
  integrity sha512-Jo6dJ04CmSjuznwJSS3pUeWmd/H0ffTlkXXgwZi+eq1UCmqQwCh+eLsYOYCwY991i2Fah4h1BEMCx4qThGbsiA==
  dependencies:
    yallist "^4.0.0"

minimatch@^3.0.4:
  version "3.0.4"
  resolved "https://registry.yarnpkg.com/minimatch/-/minimatch-3.0.4.tgz#5166e286457f03306064be5497e8dbb0c3d32083"
  integrity sha512-yJHVQEhyqPLUTgt9B83PXu6W3rx4MvvHvSUvToogpwoGDOUQ+yDrR0HRot+yOCdCO7u4hX3pWft6kWBBcqh0UA==
  dependencies:
    brace-expansion "^1.1.7"

punycode@^2.1.1:
  version "2.1.1"
  resolved "https://registry.yarnpkg.com/punycode/-/punycode-2.1.1.tgz#b58b010ac40c22c5657616c8d2c2c02c7bf479ec"
  integrity sha512-XRsRjdf+j5ml+y/6GKHPZbrF/8p2Yga0JPtdqTIY2Xe5ohJPD9saDJJLPvp9+NSBprVvevdXZybnj2cv8OEd0A==

semver@^7.3.5:
  version "7.3.5"
  resolved "https://registry.yarnpkg.com/semver/-/semver-7.3.5.tgz#0b621c879348d8998e4b0e4be94b3f12e6018ef7"
  integrity sha512-PoeGJYh8HK4BTO/a9Tf6ZG3veo/A7ZVsYrSA6J8ny9nb3B1VrpkuN+z9OE5wfE5p6H4LchYZsegiQgbJD94ZFQ==
  dependencies:
    lru-cache "^6.0.0"

source-map-support@^0.5.21:
  version "0.5.21"
  resolved "https://registry.yarnpkg.com/source-map-support/-/source-map-support-0.5.21.tgz#04fe7c7f9e1ed2d662233c28cb2b35b9f63f6e4f"
  integrity sha512-uBHU3L3czsIyYXKX88fdrGovxdSCoTGDRZ6SYXtSRxLZUzHg5P/66Ht6uoUlHu9EZod+inXhKo3qQgwXUT/y1w==
  dependencies:
    buffer-from "^1.0.0"
    source-map "^0.6.0"

source-map@^0.6.0:
  version "0.6.1"
  resolved "https://registry.yarnpkg.com/source-map/-/source-map-0.6.1.tgz#74722af32e9614e9c287a8d0bbde48b5e2f1a263"
  integrity sha512-UjgapumWlbMhkBgzT7Ykc5YXUT46F0iKu8SGXq0bcwP5dz/h0Plj6enJqjz1Zbq2l5WaqYnrVbwWOWMyF3F47g==

universalify@^2.0.0:
  version "2.0.0"
  resolved "https://registry.yarnpkg.com/universalify/-/universalify-2.0.0.tgz#75a4984efedc4b08975c5aeb73f530d02df25717"
  integrity sha512-hAZsKq7Yy11Zu1DE0OzWjw7nnLZmJZYTDZZyEFHZdUhV8FkH5MCfoU1XMaxXovpyW5nq5scPqq0ZDP9Zyl04oQ==

yallist@^4.0.0:
  version "4.0.0"
  resolved "https://registry.yarnpkg.com/yallist/-/yallist-4.0.0.tgz#9bb92790d9c0effec63be73519e11a35019a3a72"
  integrity sha512-3wdGidZyq5PB084XLES5TpOSRA3wjXAlIWMhum2kRcv/41Sn2emQ0dycQW4uZXLejwKvg6EsvbdlVL+FYEct7A==

yaml@1.10.2:
  version "1.10.2"
  resolved "https://registry.yarnpkg.com/yaml/-/yaml-1.10.2.tgz#2301c5ffbf12b467de8da2333a459e29e7920e4b"
  integrity sha512-r3vXyErRCYJ7wg28yvBY5VSoAF8ZvlcW9/BwUzEtUsjvX/DKs24dIkuwjtuprwJJHsbyUbLApepYTR1BN4uHrg==
